// !$*UTF8*$!
{
	archiveVersion = 1;
	classes = {
	};
	objectVersion = 46;
	objects = {

/* Begin PBXBuildFile section */
		C2005FAB178A8E0700200E1E /* UIKit.framework in Frameworks */ = {isa = PBXBuildFile; fileRef = C2005FAA178A8E0700200E1E /* UIKit.framework */; };
		C2005FAD178A8E0700200E1E /* Foundation.framework in Frameworks */ = {isa = PBXBuildFile; fileRef = C2005FAC178A8E0700200E1E /* Foundation.framework */; };
		C2005FAF178A8E0700200E1E /* CoreGraphics.framework in Frameworks */ = {isa = PBXBuildFile; fileRef = C2005FAE178A8E0700200E1E /* CoreGraphics.framework */; };
		C2005FD1178A925A00200E1E /* Default-568h@2x.png in Resources */ = {isa = PBXBuildFile; fileRef = C2005FCA178A925A00200E1E /* Default-568h@2x.png */; };
		C2005FD2178A925A00200E1E /* Default.png in Resources */ = {isa = PBXBuildFile; fileRef = C2005FCB178A925A00200E1E /* Default.png */; };
		C2005FD3178A925A00200E1E /* Default@2x.png in Resources */ = {isa = PBXBuildFile; fileRef = C2005FCC178A925A00200E1E /* Default@2x.png */; };
		C2005FD4178A925A00200E1E /* InfoPlist.strings in Resources */ = {isa = PBXBuildFile; fileRef = C2005FCD178A925A00200E1E /* InfoPlist.strings */; };
		C2005FD5178A925A00200E1E /* main.m in Sources */ = {isa = PBXBuildFile; fileRef = C2005FCF178A925A00200E1E /* main.m */; };
		C2006022178A926700200E1E /* AppDelegate.m in Sources */ = {isa = PBXBuildFile; fileRef = C2005FD9178A926700200E1E /* AppDelegate.m */; };
		C2006023178A926700200E1E /* AFHTTPClient.m in Sources */ = {isa = PBXBuildFile; fileRef = C2005FE2178A926700200E1E /* AFHTTPClient.m */; };
		C2006024178A926700200E1E /* AFHTTPRequestOperation.m in Sources */ = {isa = PBXBuildFile; fileRef = C2005FE4178A926700200E1E /* AFHTTPRequestOperation.m */; };
		C2006025178A926700200E1E /* AFImageRequestOperation.m in Sources */ = {isa = PBXBuildFile; fileRef = C2005FE6178A926700200E1E /* AFImageRequestOperation.m */; };
		C2006026178A926700200E1E /* AFJSONRequestOperation.m in Sources */ = {isa = PBXBuildFile; fileRef = C2005FE8178A926700200E1E /* AFJSONRequestOperation.m */; };
		C2006027178A926700200E1E /* AFNetworkActivityIndicatorManager.m in Sources */ = {isa = PBXBuildFile; fileRef = C2005FEA178A926700200E1E /* AFNetworkActivityIndicatorManager.m */; };
		C2006028178A926700200E1E /* AFPropertyListRequestOperation.m in Sources */ = {isa = PBXBuildFile; fileRef = C2005FED178A926700200E1E /* AFPropertyListRequestOperation.m */; };
		C2006029178A926700200E1E /* AFURLConnectionOperation.m in Sources */ = {isa = PBXBuildFile; fileRef = C2005FEF178A926700200E1E /* AFURLConnectionOperation.m */; };
		C200602A178A926700200E1E /* AFXMLRequestOperation.m in Sources */ = {isa = PBXBuildFile; fileRef = C2005FF1178A926700200E1E /* AFXMLRequestOperation.m */; };
		C200602B178A926700200E1E /* UIImageView+AFNetworking.m in Sources */ = {isa = PBXBuildFile; fileRef = C2005FF3178A926700200E1E /* UIImageView+AFNetworking.m */; };
		C200602C178A926700200E1E /* FMDatabase.m in Sources */ = {isa = PBXBuildFile; fileRef = C2005FF6178A926700200E1E /* FMDatabase.m */; };
		C200602D178A926700200E1E /* FMDatabaseAdditions.m in Sources */ = {isa = PBXBuildFile; fileRef = C2005FF8178A926700200E1E /* FMDatabaseAdditions.m */; };
		C200602E178A926700200E1E /* FMDatabasePool.m in Sources */ = {isa = PBXBuildFile; fileRef = C2005FFA178A926700200E1E /* FMDatabasePool.m */; };
		C200602F178A926700200E1E /* FMDatabaseQueue.m in Sources */ = {isa = PBXBuildFile; fileRef = C2005FFC178A926700200E1E /* FMDatabaseQueue.m */; };
		C2006030178A926700200E1E /* FMResultSet.m in Sources */ = {isa = PBXBuildFile; fileRef = C2005FFE178A926700200E1E /* FMResultSet.m */; };
		C2006031178A926700200E1E /* libMobClickLibrary.a in Frameworks */ = {isa = PBXBuildFile; fileRef = C2006000178A926700200E1E /* libMobClickLibrary.a */; };
		C2006032178A926700200E1E /* libUMFeedback.a in Frameworks */ = {isa = PBXBuildFile; fileRef = C2006001178A926700200E1E /* libUMFeedback.a */; };
		C2006033178A926700200E1E /* libWeChatSDK_armv7_armv7s.a in Frameworks */ = {isa = PBXBuildFile; fileRef = C2006007178A926700200E1E /* libWeChatSDK_armv7_armv7s.a */; };
		C2006034178A926700200E1E /* libUMSocial_Sdk_2.1.3.a in Frameworks */ = {isa = PBXBuildFile; fileRef = C2006015178A926700200E1E /* libUMSocial_Sdk_2.1.3.a */; };
		C2006035178A926700200E1E /* libUMSocial_Sdk_Comment_2.1.3.a in Frameworks */ = {isa = PBXBuildFile; fileRef = C2006016178A926700200E1E /* libUMSocial_Sdk_Comment_2.1.3.a */; };
		C2006036178A926700200E1E /* UMSCommentDetailController.xib in Resources */ = {isa = PBXBuildFile; fileRef = C2006018178A926700200E1E /* UMSCommentDetailController.xib */; };
		C2006037178A926700200E1E /* UMSCommentInputController.xib in Resources */ = {isa = PBXBuildFile; fileRef = C2006019178A926700200E1E /* UMSCommentInputController.xib */; };
		C2006038178A926700200E1E /* UMSCommentInputControlleriPad.xib in Resources */ = {isa = PBXBuildFile; fileRef = C200601A178A926700200E1E /* UMSCommentInputControlleriPad.xib */; };
		C2006039178A926700200E1E /* UMShareEditViewController.xib in Resources */ = {isa = PBXBuildFile; fileRef = C200601B178A926700200E1E /* UMShareEditViewController.xib */; };
		C200603A178A926700200E1E /* UMShareEditViewControlleriPad.xib in Resources */ = {isa = PBXBuildFile; fileRef = C200601C178A926700200E1E /* UMShareEditViewControlleriPad.xib */; };
		C200603B178A926700200E1E /* UMSnsAccountViewController.xib in Resources */ = {isa = PBXBuildFile; fileRef = C200601D178A926700200E1E /* UMSnsAccountViewController.xib */; };
		C200603C178A926700200E1E /* UMSShareListController.xib in Resources */ = {isa = PBXBuildFile; fileRef = C200601E178A926700200E1E /* UMSShareListController.xib */; };
		C200603D178A926700200E1E /* UMSocialSDKResources.bundle in Resources */ = {isa = PBXBuildFile; fileRef = C200601F178A926700200E1E /* UMSocialSDKResources.bundle */; };
		C200603F178A939700200E1E /* MobileCoreServices.framework in Frameworks */ = {isa = PBXBuildFile; fileRef = C200603E178A939700200E1E /* MobileCoreServices.framework */; };
		C2006041178A93A000200E1E /* libz.dylib in Frameworks */ = {isa = PBXBuildFile; fileRef = C2006040178A93A000200E1E /* libz.dylib */; };
		C2006043178A93A800200E1E /* libsqlite3.dylib in Frameworks */ = {isa = PBXBuildFile; fileRef = C2006042178A93A800200E1E /* libsqlite3.dylib */; };
		C2006045178A93AF00200E1E /* MediaPlayer.framework in Frameworks */ = {isa = PBXBuildFile; fileRef = C2006044178A93AF00200E1E /* MediaPlayer.framework */; };
		C2006047178A93B900200E1E /* SystemConfiguration.framework in Frameworks */ = {isa = PBXBuildFile; fileRef = C2006046178A93B900200E1E /* SystemConfiguration.framework */; };
		C2006049178A93C000200E1E /* QuartzCore.framework in Frameworks */ = {isa = PBXBuildFile; fileRef = C2006048178A93C000200E1E /* QuartzCore.framework */; };
		C201387017A372E1009CEA7F /* MHTabBarController.m in Sources */ = {isa = PBXBuildFile; fileRef = C201386F17A372E1009CEA7F /* MHTabBarController.m */; };
		C201387317A373E0009CEA7F /* ExhibitorsByAlphabetViewController.m in Sources */ = {isa = PBXBuildFile; fileRef = C201387217A373E0009CEA7F /* ExhibitorsByAlphabetViewController.m */; };
		C201387617A3742A009CEA7F /* ExhibitorsByIndustryViewController.m in Sources */ = {isa = PBXBuildFile; fileRef = C201387517A3742A009CEA7F /* ExhibitorsByIndustryViewController.m */; };
		C201387917A3743B009CEA7F /* ExhibitorsByAreaViewController.m in Sources */ = {isa = PBXBuildFile; fileRef = C201387817A3743B009CEA7F /* ExhibitorsByAreaViewController.m */; };
		C201387C17A3757E009CEA7F /* BaseChannelWithTabsViewController.m in Sources */ = {isa = PBXBuildFile; fileRef = C201387B17A3757E009CEA7F /* BaseChannelWithTabsViewController.m */; };
		C201387F17A37B46009CEA7F /* MHTabBarContainerBgPattern.png in Resources */ = {isa = PBXBuildFile; fileRef = C201387D17A37B46009CEA7F /* MHTabBarContainerBgPattern.png */; };
		C201388017A37B46009CEA7F /* MHTabBarContainerBgPattern@2x.png in Resources */ = {isa = PBXBuildFile; fileRef = C201387E17A37B46009CEA7F /* MHTabBarContainerBgPattern@2x.png */; };
		C201388317A37BE0009CEA7F /* MHTabBarActiveBgPattern.png in Resources */ = {isa = PBXBuildFile; fileRef = C201388117A37BE0009CEA7F /* MHTabBarActiveBgPattern.png */; };
		C201388417A37BE0009CEA7F /* MHTabBarActiveBgPattern@2x.png in Resources */ = {isa = PBXBuildFile; fileRef = C201388217A37BE0009CEA7F /* MHTabBarActiveBgPattern@2x.png */; };
		C209316A1790F71100F91BB5 /* bg-pattern.png in Resources */ = {isa = PBXBuildFile; fileRef = C20931621790F71100F91BB5 /* bg-pattern.png */; };
		C209316B1790F71100F91BB5 /* bg-pattern@2x.png in Resources */ = {isa = PBXBuildFile; fileRef = C20931631790F71100F91BB5 /* bg-pattern@2x.png */; };
		C209316C1790F71100F91BB5 /* icon-profile-online.png in Resources */ = {isa = PBXBuildFile; fileRef = C20931641790F71100F91BB5 /* icon-profile-online.png */; };
		C209316D1790F71100F91BB5 /* icon-profile-online@2x.png in Resources */ = {isa = PBXBuildFile; fileRef = C20931651790F71100F91BB5 /* icon-profile-online@2x.png */; };
		C209316E1790F71100F91BB5 /* icon-profile.png in Resources */ = {isa = PBXBuildFile; fileRef = C20931661790F71100F91BB5 /* icon-profile.png */; };
		C209316F1790F71100F91BB5 /* icon-profile@2x.png in Resources */ = {isa = PBXBuildFile; fileRef = C20931671790F71100F91BB5 /* icon-profile@2x.png */; };
		C20931701790F71100F91BB5 /* navigation-bar-bg.png in Resources */ = {isa = PBXBuildFile; fileRef = C20931681790F71100F91BB5 /* navigation-bar-bg.png */; };
		C20931711790F71100F91BB5 /* navigation-bar-bg@2x.png in Resources */ = {isa = PBXBuildFile; fileRef = C20931691790F71100F91BB5 /* navigation-bar-bg@2x.png */; };
		C20931741790F72400F91BB5 /* HomeViewController.m in Sources */ = {isa = PBXBuildFile; fileRef = C20931731790F72400F91BB5 /* HomeViewController.m */; };
		C21879B117A90DB60075554F /* ExhibitorListViewController.m in Sources */ = {isa = PBXBuildFile; fileRef = C21879B017A90DB60075554F /* ExhibitorListViewController.m */; };
		C22133F917A77A68006622F2 /* newsStyle.css in Resources */ = {isa = PBXBuildFile; fileRef = C22133F817A77A68006622F2 /* newsStyle.css */; };
		C22133FC17A77CA1006622F2 /* icon-comment.png in Resources */ = {isa = PBXBuildFile; fileRef = C22133FA17A77CA1006622F2 /* icon-comment.png */; };
		C22133FD17A77CA1006622F2 /* icon-comment@2x.png in Resources */ = {isa = PBXBuildFile; fileRef = C22133FB17A77CA1006622F2 /* icon-comment@2x.png */; };
		C221340017A77CAB006622F2 /* icon-share.png in Resources */ = {isa = PBXBuildFile; fileRef = C22133FE17A77CAB006622F2 /* icon-share.png */; };
		C221340117A77CAB006622F2 /* icon-share@2x.png in Resources */ = {isa = PBXBuildFile; fileRef = C22133FF17A77CAB006622F2 /* icon-share@2x.png */; };
		C25CC6C9178A979A0055E82A /* NetWorkReachability.m in Sources */ = {isa = PBXBuildFile; fileRef = C25CC6C7178A979A0055E82A /* NetWorkReachability.m */; };
		C25CC6D5178A98C20055E82A /* GTMNSString+HTML.m in Sources */ = {isa = PBXBuildFile; fileRef = C25CC6CC178A98C20055E82A /* GTMNSString+HTML.m */; settings = {COMPILER_FLAGS = "-fno-objc-arc"; }; };
		C25CC6D6178A98C20055E82A /* UIColor+BR.m in Sources */ = {isa = PBXBuildFile; fileRef = C25CC6CE178A98C20055E82A /* UIColor+BR.m */; };
		C25CC6D7178A98C20055E82A /* UIImage+BR.m in Sources */ = {isa = PBXBuildFile; fileRef = C25CC6D0178A98C20055E82A /* UIImage+BR.m */; };
		C25CC6D8178A98C20055E82A /* UINavigationBar+BR.m in Sources */ = {isa = PBXBuildFile; fileRef = C25CC6D2178A98C20055E82A /* UINavigationBar+BR.m */; };
		C25CC6D9178A98C20055E82A /* UIView+BR.m in Sources */ = {isa = PBXBuildFile; fileRef = C25CC6D4178A98C20055E82A /* UIView+BR.m */; };
		C25CC6DC178A992B0055E82A /* DataManager.m in Sources */ = {isa = PBXBuildFile; fileRef = C25CC6DB178A992B0055E82A /* DataManager.m */; };
		C27F975E179233E400E79A78 /* BannerViewController.m in Sources */ = {isa = PBXBuildFile; fileRef = C27F975D179233E400E79A78 /* BannerViewController.m */; };
		C27F97641792431100E79A78 /* logo-and-text.png in Resources */ = {isa = PBXBuildFile; fileRef = C27F97621792431100E79A78 /* logo-and-text.png */; };
		C27F97651792431100E79A78 /* logo-and-text@2x.png in Resources */ = {isa = PBXBuildFile; fileRef = C27F97631792431100E79A78 /* logo-and-text@2x.png */; };
		C27F9768179245F500E79A78 /* UIView+JMNoise.m in Sources */ = {isa = PBXBuildFile; fileRef = C27F9767179245F500E79A78 /* UIView+JMNoise.m */; };
		C27F977B179250CD00E79A78 /* button-icon-calendar.png in Resources */ = {isa = PBXBuildFile; fileRef = C27F9769179250CD00E79A78 /* button-icon-calendar.png */; };
		C27F977C179250CD00E79A78 /* button-icon-calendar@2x.png in Resources */ = {isa = PBXBuildFile; fileRef = C27F976A179250CD00E79A78 /* button-icon-calendar@2x.png */; };
		C27F977D179250CD00E79A78 /* button-icon-exhibitor.png in Resources */ = {isa = PBXBuildFile; fileRef = C27F976B179250CD00E79A78 /* button-icon-exhibitor.png */; };
		C27F977E179250CD00E79A78 /* button-icon-exhibitor@2x.png in Resources */ = {isa = PBXBuildFile; fileRef = C27F976C179250CD00E79A78 /* button-icon-exhibitor@2x.png */; };
		C27F977F179250CD00E79A78 /* button-icon-faq.png in Resources */ = {isa = PBXBuildFile; fileRef = C27F976D179250CD00E79A78 /* button-icon-faq.png */; };
		C27F9780179250CD00E79A78 /* button-icon-faq@2x.png in Resources */ = {isa = PBXBuildFile; fileRef = C27F976E179250CD00E79A78 /* button-icon-faq@2x.png */; };
		C27F9781179250CD00E79A78 /* button-icon-intro.png in Resources */ = {isa = PBXBuildFile; fileRef = C27F976F179250CD00E79A78 /* button-icon-intro.png */; };
		C27F9782179250CD00E79A78 /* button-icon-intro@2x.png in Resources */ = {isa = PBXBuildFile; fileRef = C27F9770179250CD00E79A78 /* button-icon-intro@2x.png */; };
		C27F9783179250CD00E79A78 /* button-icon-map.png in Resources */ = {isa = PBXBuildFile; fileRef = C27F9771179250CD00E79A78 /* button-icon-map.png */; };
		C27F9784179250CD00E79A78 /* button-icon-map@2x.png in Resources */ = {isa = PBXBuildFile; fileRef = C27F9772179250CD00E79A78 /* button-icon-map@2x.png */; };
		C27F9785179250CD00E79A78 /* button-icon-news.png in Resources */ = {isa = PBXBuildFile; fileRef = C27F9773179250CD00E79A78 /* button-icon-news.png */; };
		C27F9786179250CD00E79A78 /* button-icon-news@2x.png in Resources */ = {isa = PBXBuildFile; fileRef = C27F9774179250CD00E79A78 /* button-icon-news@2x.png */; };
		C27F9787179250CD00E79A78 /* button-icon-notification.png in Resources */ = {isa = PBXBuildFile; fileRef = C27F9775179250CD00E79A78 /* button-icon-notification.png */; };
		C27F9788179250CD00E79A78 /* button-icon-notification@2x.png in Resources */ = {isa = PBXBuildFile; fileRef = C27F9776179250CD00E79A78 /* button-icon-notification@2x.png */; };
		C27F9789179250CD00E79A78 /* button-icon-picture.png in Resources */ = {isa = PBXBuildFile; fileRef = C27F9777179250CD00E79A78 /* button-icon-picture.png */; };
		C27F978A179250CD00E79A78 /* button-icon-picture@2x.png in Resources */ = {isa = PBXBuildFile; fileRef = C27F9778179250CD00E79A78 /* button-icon-picture@2x.png */; };
		C27F978B179250CD00E79A78 /* button-icon-subscribe.png in Resources */ = {isa = PBXBuildFile; fileRef = C27F9779179250CD00E79A78 /* button-icon-subscribe.png */; };
		C27F978C179250CD00E79A78 /* button-icon-subscribe@2x.png in Resources */ = {isa = PBXBuildFile; fileRef = C27F977A179250CD00E79A78 /* button-icon-subscribe@2x.png */; };
		C27F978F17925A8400E79A78 /* ChannelIconButton.m in Sources */ = {isa = PBXBuildFile; fileRef = C27F978E17925A8400E79A78 /* ChannelIconButton.m */; };
		C2D5151F17A4D73E00119089 /* ExhibitorInfoViewController.m in Sources */ = {isa = PBXBuildFile; fileRef = C2D5151E17A4D73E00119089 /* ExhibitorInfoViewController.m */; };
		C2D5152917A4EB6700119089 /* NewsListViewController.m in Sources */ = {isa = PBXBuildFile; fileRef = C2D5152817A4EB6700119089 /* NewsListViewController.m */; };
		C2D5152F17A4EE4500119089 /* NewsInfoViewController.m in Sources */ = {isa = PBXBuildFile; fileRef = C2D5152E17A4EE4500119089 /* NewsInfoViewController.m */; };
		C2D5153217A4F49300119089 /* cell-image-placeholder.png in Resources */ = {isa = PBXBuildFile; fileRef = C2D5153017A4F49300119089 /* cell-image-placeholder.png */; };
		C2D5153317A4F49300119089 /* cell-image-placeholder@2x.png in Resources */ = {isa = PBXBuildFile; fileRef = C2D5153117A4F49300119089 /* cell-image-placeholder@2x.png */; };
		C2D5153617A4FD7100119089 /* NewsTableViewCell.m in Sources */ = {isa = PBXBuildFile; fileRef = C2D5153517A4FD7100119089 /* NewsTableViewCell.m */; };
		C2D5153917A513C300119089 /* MHTabBarIndicator.png in Resources */ = {isa = PBXBuildFile; fileRef = C2D5153717A513C300119089 /* MHTabBarIndicator.png */; };
		C2D5153A17A513C300119089 /* MHTabBarIndicator@2x.png in Resources */ = {isa = PBXBuildFile; fileRef = C2D5153817A513C300119089 /* MHTabBarIndicator@2x.png */; };
		C2D5153E17A5185000119089 /* EventListViewController.m in Sources */ = {isa = PBXBuildFile; fileRef = C2D5153D17A5185000119089 /* EventListViewController.m */; };
		C2D5154117A518AD00119089 /* EventTableViewCell.m in Sources */ = {isa = PBXBuildFile; fileRef = C2D5154017A518AD00119089 /* EventTableViewCell.m */; };
		C2D5154417A518F300119089 /* EventInfoViewController.m in Sources */ = {isa = PBXBuildFile; fileRef = C2D5154317A518F300119089 /* EventInfoViewController.m */; };
		C2D5154717A51ADB00119089 /* CalendarViewController.m in Sources */ = {isa = PBXBuildFile; fileRef = C2D5154617A51ADB00119089 /* CalendarViewController.m */; };
		C2D5154A17A51BD400119089 /* ExhibitorViewController.m in Sources */ = {isa = PBXBuildFile; fileRef = C2D5154917A51BD400119089 /* ExhibitorViewController.m */; };
		C2E4B57C1797776600388B11 /* BaseChannelViewController.m in Sources */ = {isa = PBXBuildFile; fileRef = C2E4B57B1797776600388B11 /* BaseChannelViewController.m */; };
		C2E4B57F1797784E00388B11 /* icon-back.png in Resources */ = {isa = PBXBuildFile; fileRef = C2E4B57D1797784E00388B11 /* icon-back.png */; };
		C2E4B5801797784E00388B11 /* icon-back@2x.png in Resources */ = {isa = PBXBuildFile; fileRef = C2E4B57E1797784E00388B11 /* icon-back@2x.png */; };
		C2E4B5921797A05900388B11 /* CPSEAFClient.m in Sources */ = {isa = PBXBuildFile; fileRef = C2E4B5911797A05900388B11 /* CPSEAFClient.m */; };
/* End PBXBuildFile section */

/* Begin PBXFileReference section */
		C2005FA7178A8E0700200E1E /* CPSE.app */ = {isa = PBXFileReference; explicitFileType = wrapper.application; includeInIndex = 0; path = CPSE.app; sourceTree = BUILT_PRODUCTS_DIR; };
		C2005FAA178A8E0700200E1E /* UIKit.framework */ = {isa = PBXFileReference; lastKnownFileType = wrapper.framework; name = UIKit.framework; path = System/Library/Frameworks/UIKit.framework; sourceTree = SDKROOT; };
		C2005FAC178A8E0700200E1E /* Foundation.framework */ = {isa = PBXFileReference; lastKnownFileType = wrapper.framework; name = Foundation.framework; path = System/Library/Frameworks/Foundation.framework; sourceTree = SDKROOT; };
		C2005FAE178A8E0700200E1E /* CoreGraphics.framework */ = {isa = PBXFileReference; lastKnownFileType = wrapper.framework; name = CoreGraphics.framework; path = System/Library/Frameworks/CoreGraphics.framework; sourceTree = SDKROOT; };
		C2005FC8178A925A00200E1E /* CPSE-Info.plist */ = {isa = PBXFileReference; fileEncoding = 4; lastKnownFileType = text.plist.xml; path = "CPSE-Info.plist"; sourceTree = "<group>"; };
		C2005FC9178A925A00200E1E /* CPSE-Prefix.pch */ = {isa = PBXFileReference; fileEncoding = 4; lastKnownFileType = sourcecode.c.h; path = "CPSE-Prefix.pch"; sourceTree = "<group>"; };
		C2005FCA178A925A00200E1E /* Default-568h@2x.png */ = {isa = PBXFileReference; lastKnownFileType = image.png; path = "Default-568h@2x.png"; sourceTree = "<group>"; };
		C2005FCB178A925A00200E1E /* Default.png */ = {isa = PBXFileReference; lastKnownFileType = image.png; path = Default.png; sourceTree = "<group>"; };
		C2005FCC178A925A00200E1E /* Default@2x.png */ = {isa = PBXFileReference; lastKnownFileType = image.png; path = "Default@2x.png"; sourceTree = "<group>"; };
		C2005FCE178A925A00200E1E /* en */ = {isa = PBXFileReference; lastKnownFileType = text.plist.strings; name = en; path = en.lproj/InfoPlist.strings; sourceTree = "<group>"; };
		C2005FCF178A925A00200E1E /* main.m */ = {isa = PBXFileReference; fileEncoding = 4; lastKnownFileType = sourcecode.c.objc; path = main.m; sourceTree = "<group>"; };
		C2005FD8178A926700200E1E /* AppDelegate.h */ = {isa = PBXFileReference; fileEncoding = 4; lastKnownFileType = sourcecode.c.h; path = AppDelegate.h; sourceTree = "<group>"; };
		C2005FD9178A926700200E1E /* AppDelegate.m */ = {isa = PBXFileReference; fileEncoding = 4; lastKnownFileType = sourcecode.c.objc; path = AppDelegate.m; sourceTree = "<group>"; };
		C2005FE1178A926700200E1E /* AFHTTPClient.h */ = {isa = PBXFileReference; fileEncoding = 4; lastKnownFileType = sourcecode.c.h; path = AFHTTPClient.h; sourceTree = "<group>"; };
		C2005FE2178A926700200E1E /* AFHTTPClient.m */ = {isa = PBXFileReference; fileEncoding = 4; lastKnownFileType = sourcecode.c.objc; path = AFHTTPClient.m; sourceTree = "<group>"; };
		C2005FE3178A926700200E1E /* AFHTTPRequestOperation.h */ = {isa = PBXFileReference; fileEncoding = 4; lastKnownFileType = sourcecode.c.h; path = AFHTTPRequestOperation.h; sourceTree = "<group>"; };
		C2005FE4178A926700200E1E /* AFHTTPRequestOperation.m */ = {isa = PBXFileReference; fileEncoding = 4; lastKnownFileType = sourcecode.c.objc; path = AFHTTPRequestOperation.m; sourceTree = "<group>"; };
		C2005FE5178A926700200E1E /* AFImageRequestOperation.h */ = {isa = PBXFileReference; fileEncoding = 4; lastKnownFileType = sourcecode.c.h; path = AFImageRequestOperation.h; sourceTree = "<group>"; };
		C2005FE6178A926700200E1E /* AFImageRequestOperation.m */ = {isa = PBXFileReference; fileEncoding = 4; lastKnownFileType = sourcecode.c.objc; path = AFImageRequestOperation.m; sourceTree = "<group>"; };
		C2005FE7178A926700200E1E /* AFJSONRequestOperation.h */ = {isa = PBXFileReference; fileEncoding = 4; lastKnownFileType = sourcecode.c.h; path = AFJSONRequestOperation.h; sourceTree = "<group>"; };
		C2005FE8178A926700200E1E /* AFJSONRequestOperation.m */ = {isa = PBXFileReference; fileEncoding = 4; lastKnownFileType = sourcecode.c.objc; path = AFJSONRequestOperation.m; sourceTree = "<group>"; };
		C2005FE9178A926700200E1E /* AFNetworkActivityIndicatorManager.h */ = {isa = PBXFileReference; fileEncoding = 4; lastKnownFileType = sourcecode.c.h; path = AFNetworkActivityIndicatorManager.h; sourceTree = "<group>"; };
		C2005FEA178A926700200E1E /* AFNetworkActivityIndicatorManager.m */ = {isa = PBXFileReference; fileEncoding = 4; lastKnownFileType = sourcecode.c.objc; path = AFNetworkActivityIndicatorManager.m; sourceTree = "<group>"; };
		C2005FEB178A926700200E1E /* AFNetworking.h */ = {isa = PBXFileReference; fileEncoding = 4; lastKnownFileType = sourcecode.c.h; path = AFNetworking.h; sourceTree = "<group>"; };
		C2005FEC178A926700200E1E /* AFPropertyListRequestOperation.h */ = {isa = PBXFileReference; fileEncoding = 4; lastKnownFileType = sourcecode.c.h; path = AFPropertyListRequestOperation.h; sourceTree = "<group>"; };
		C2005FED178A926700200E1E /* AFPropertyListRequestOperation.m */ = {isa = PBXFileReference; fileEncoding = 4; lastKnownFileType = sourcecode.c.objc; path = AFPropertyListRequestOperation.m; sourceTree = "<group>"; };
		C2005FEE178A926700200E1E /* AFURLConnectionOperation.h */ = {isa = PBXFileReference; fileEncoding = 4; lastKnownFileType = sourcecode.c.h; path = AFURLConnectionOperation.h; sourceTree = "<group>"; };
		C2005FEF178A926700200E1E /* AFURLConnectionOperation.m */ = {isa = PBXFileReference; fileEncoding = 4; lastKnownFileType = sourcecode.c.objc; path = AFURLConnectionOperation.m; sourceTree = "<group>"; };
		C2005FF0178A926700200E1E /* AFXMLRequestOperation.h */ = {isa = PBXFileReference; fileEncoding = 4; lastKnownFileType = sourcecode.c.h; path = AFXMLRequestOperation.h; sourceTree = "<group>"; };
		C2005FF1178A926700200E1E /* AFXMLRequestOperation.m */ = {isa = PBXFileReference; fileEncoding = 4; lastKnownFileType = sourcecode.c.objc; path = AFXMLRequestOperation.m; sourceTree = "<group>"; };
		C2005FF2178A926700200E1E /* UIImageView+AFNetworking.h */ = {isa = PBXFileReference; fileEncoding = 4; lastKnownFileType = sourcecode.c.h; path = "UIImageView+AFNetworking.h"; sourceTree = "<group>"; };
		C2005FF3178A926700200E1E /* UIImageView+AFNetworking.m */ = {isa = PBXFileReference; fileEncoding = 4; lastKnownFileType = sourcecode.c.objc; path = "UIImageView+AFNetworking.m"; sourceTree = "<group>"; };
		C2005FF5178A926700200E1E /* FMDatabase.h */ = {isa = PBXFileReference; fileEncoding = 4; lastKnownFileType = sourcecode.c.h; path = FMDatabase.h; sourceTree = "<group>"; };
		C2005FF6178A926700200E1E /* FMDatabase.m */ = {isa = PBXFileReference; fileEncoding = 4; lastKnownFileType = sourcecode.c.objc; path = FMDatabase.m; sourceTree = "<group>"; };
		C2005FF7178A926700200E1E /* FMDatabaseAdditions.h */ = {isa = PBXFileReference; fileEncoding = 4; lastKnownFileType = sourcecode.c.h; path = FMDatabaseAdditions.h; sourceTree = "<group>"; };
		C2005FF8178A926700200E1E /* FMDatabaseAdditions.m */ = {isa = PBXFileReference; fileEncoding = 4; lastKnownFileType = sourcecode.c.objc; path = FMDatabaseAdditions.m; sourceTree = "<group>"; };
		C2005FF9178A926700200E1E /* FMDatabasePool.h */ = {isa = PBXFileReference; fileEncoding = 4; lastKnownFileType = sourcecode.c.h; path = FMDatabasePool.h; sourceTree = "<group>"; };
		C2005FFA178A926700200E1E /* FMDatabasePool.m */ = {isa = PBXFileReference; fileEncoding = 4; lastKnownFileType = sourcecode.c.objc; path = FMDatabasePool.m; sourceTree = "<group>"; };
		C2005FFB178A926700200E1E /* FMDatabaseQueue.h */ = {isa = PBXFileReference; fileEncoding = 4; lastKnownFileType = sourcecode.c.h; path = FMDatabaseQueue.h; sourceTree = "<group>"; };
		C2005FFC178A926700200E1E /* FMDatabaseQueue.m */ = {isa = PBXFileReference; fileEncoding = 4; lastKnownFileType = sourcecode.c.objc; path = FMDatabaseQueue.m; sourceTree = "<group>"; };
		C2005FFD178A926700200E1E /* FMResultSet.h */ = {isa = PBXFileReference; fileEncoding = 4; lastKnownFileType = sourcecode.c.h; path = FMResultSet.h; sourceTree = "<group>"; };
		C2005FFE178A926700200E1E /* FMResultSet.m */ = {isa = PBXFileReference; fileEncoding = 4; lastKnownFileType = sourcecode.c.objc; path = FMResultSet.m; sourceTree = "<group>"; };
		C2006000178A926700200E1E /* libMobClickLibrary.a */ = {isa = PBXFileReference; lastKnownFileType = archive.ar; path = libMobClickLibrary.a; sourceTree = "<group>"; };
		C2006001178A926700200E1E /* libUMFeedback.a */ = {isa = PBXFileReference; lastKnownFileType = archive.ar; path = libUMFeedback.a; sourceTree = "<group>"; };
		C2006002178A926700200E1E /* MobClick.h */ = {isa = PBXFileReference; fileEncoding = 4; lastKnownFileType = sourcecode.c.h; path = MobClick.h; sourceTree = "<group>"; };
		C2006003178A926700200E1E /* UMFeedback.h */ = {isa = PBXFileReference; fileEncoding = 4; lastKnownFileType = sourcecode.c.h; path = UMFeedback.h; sourceTree = "<group>"; };
		C2006007178A926700200E1E /* libWeChatSDK_armv7_armv7s.a */ = {isa = PBXFileReference; lastKnownFileType = archive.ar; path = libWeChatSDK_armv7_armv7s.a; sourceTree = "<group>"; };
		C2006008178A926700200E1E /* WXApi.h */ = {isa = PBXFileReference; fileEncoding = 4; lastKnownFileType = sourcecode.c.h; path = WXApi.h; sourceTree = "<group>"; };
		C2006009178A926700200E1E /* WXApiObject.h */ = {isa = PBXFileReference; fileEncoding = 4; lastKnownFileType = sourcecode.c.h; path = WXApiObject.h; sourceTree = "<group>"; };
		C200600B178A926700200E1E /* UMSocial.h */ = {isa = PBXFileReference; fileEncoding = 4; lastKnownFileType = sourcecode.c.h; path = UMSocial.h; sourceTree = "<group>"; };
		C200600C178A926700200E1E /* UMSocialAccountManager.h */ = {isa = PBXFileReference; fileEncoding = 4; lastKnownFileType = sourcecode.c.h; path = UMSocialAccountManager.h; sourceTree = "<group>"; };
		C200600D178A926700200E1E /* UMSocialBar.h */ = {isa = PBXFileReference; fileEncoding = 4; lastKnownFileType = sourcecode.c.h; path = UMSocialBar.h; sourceTree = "<group>"; };
		C200600E178A926700200E1E /* UMSocialConfig.h */ = {isa = PBXFileReference; fileEncoding = 4; lastKnownFileType = sourcecode.c.h; path = UMSocialConfig.h; sourceTree = "<group>"; };
		C200600F178A926700200E1E /* UMSocialControllerService.h */ = {isa = PBXFileReference; fileEncoding = 4; lastKnownFileType = sourcecode.c.h; path = UMSocialControllerService.h; sourceTree = "<group>"; };
		C2006010178A926700200E1E /* UMSocialControllerServiceComment.h */ = {isa = PBXFileReference; fileEncoding = 4; lastKnownFileType = sourcecode.c.h; path = UMSocialControllerServiceComment.h; sourceTree = "<group>"; };
		C2006011178A926700200E1E /* UMSocialData.h */ = {isa = PBXFileReference; fileEncoding = 4; lastKnownFileType = sourcecode.c.h; path = UMSocialData.h; sourceTree = "<group>"; };
		C2006012178A926700200E1E /* UMSocialDataService.h */ = {isa = PBXFileReference; fileEncoding = 4; lastKnownFileType = sourcecode.c.h; path = UMSocialDataService.h; sourceTree = "<group>"; };
		C2006013178A926700200E1E /* UMSocialSnsPlatformManager.h */ = {isa = PBXFileReference; fileEncoding = 4; lastKnownFileType = sourcecode.c.h; path = UMSocialSnsPlatformManager.h; sourceTree = "<group>"; };
		C2006014178A926700200E1E /* UMSocialSnsService.h */ = {isa = PBXFileReference; fileEncoding = 4; lastKnownFileType = sourcecode.c.h; path = UMSocialSnsService.h; sourceTree = "<group>"; };
		C2006015178A926700200E1E /* libUMSocial_Sdk_2.1.3.a */ = {isa = PBXFileReference; lastKnownFileType = archive.ar; path = libUMSocial_Sdk_2.1.3.a; sourceTree = "<group>"; };
		C2006016178A926700200E1E /* libUMSocial_Sdk_Comment_2.1.3.a */ = {isa = PBXFileReference; lastKnownFileType = archive.ar; path = libUMSocial_Sdk_Comment_2.1.3.a; sourceTree = "<group>"; };
		C2006018178A926700200E1E /* UMSCommentDetailController.xib */ = {isa = PBXFileReference; fileEncoding = 4; lastKnownFileType = file.xib; path = UMSCommentDetailController.xib; sourceTree = "<group>"; };
		C2006019178A926700200E1E /* UMSCommentInputController.xib */ = {isa = PBXFileReference; fileEncoding = 4; lastKnownFileType = file.xib; path = UMSCommentInputController.xib; sourceTree = "<group>"; };
		C200601A178A926700200E1E /* UMSCommentInputControlleriPad.xib */ = {isa = PBXFileReference; fileEncoding = 4; lastKnownFileType = file.xib; path = UMSCommentInputControlleriPad.xib; sourceTree = "<group>"; };
		C200601B178A926700200E1E /* UMShareEditViewController.xib */ = {isa = PBXFileReference; fileEncoding = 4; lastKnownFileType = file.xib; path = UMShareEditViewController.xib; sourceTree = "<group>"; };
		C200601C178A926700200E1E /* UMShareEditViewControlleriPad.xib */ = {isa = PBXFileReference; fileEncoding = 4; lastKnownFileType = file.xib; path = UMShareEditViewControlleriPad.xib; sourceTree = "<group>"; };
		C200601D178A926700200E1E /* UMSnsAccountViewController.xib */ = {isa = PBXFileReference; fileEncoding = 4; lastKnownFileType = file.xib; path = UMSnsAccountViewController.xib; sourceTree = "<group>"; };
		C200601E178A926700200E1E /* UMSShareListController.xib */ = {isa = PBXFileReference; fileEncoding = 4; lastKnownFileType = file.xib; path = UMSShareListController.xib; sourceTree = "<group>"; };
		C200601F178A926700200E1E /* UMSocialSDKResources.bundle */ = {isa = PBXFileReference; lastKnownFileType = "wrapper.plug-in"; path = UMSocialSDKResources.bundle; sourceTree = "<group>"; };
		C200603E178A939700200E1E /* MobileCoreServices.framework */ = {isa = PBXFileReference; lastKnownFileType = wrapper.framework; name = MobileCoreServices.framework; path = System/Library/Frameworks/MobileCoreServices.framework; sourceTree = SDKROOT; };
		C2006040178A93A000200E1E /* libz.dylib */ = {isa = PBXFileReference; lastKnownFileType = "compiled.mach-o.dylib"; name = libz.dylib; path = usr/lib/libz.dylib; sourceTree = SDKROOT; };
		C2006042178A93A800200E1E /* libsqlite3.dylib */ = {isa = PBXFileReference; lastKnownFileType = "compiled.mach-o.dylib"; name = libsqlite3.dylib; path = usr/lib/libsqlite3.dylib; sourceTree = SDKROOT; };
		C2006044178A93AF00200E1E /* MediaPlayer.framework */ = {isa = PBXFileReference; lastKnownFileType = wrapper.framework; name = MediaPlayer.framework; path = System/Library/Frameworks/MediaPlayer.framework; sourceTree = SDKROOT; };
		C2006046178A93B900200E1E /* SystemConfiguration.framework */ = {isa = PBXFileReference; lastKnownFileType = wrapper.framework; name = SystemConfiguration.framework; path = System/Library/Frameworks/SystemConfiguration.framework; sourceTree = SDKROOT; };
		C2006048178A93C000200E1E /* QuartzCore.framework */ = {isa = PBXFileReference; lastKnownFileType = wrapper.framework; name = QuartzCore.framework; path = System/Library/Frameworks/QuartzCore.framework; sourceTree = SDKROOT; };
		C201386E17A372E1009CEA7F /* MHTabBarController.h */ = {isa = PBXFileReference; fileEncoding = 4; lastKnownFileType = sourcecode.c.h; path = MHTabBarController.h; sourceTree = "<group>"; };
		C201386F17A372E1009CEA7F /* MHTabBarController.m */ = {isa = PBXFileReference; fileEncoding = 4; lastKnownFileType = sourcecode.c.objc; path = MHTabBarController.m; sourceTree = "<group>"; };
		C201387117A373E0009CEA7F /* ExhibitorsByAlphabetViewController.h */ = {isa = PBXFileReference; fileEncoding = 4; lastKnownFileType = sourcecode.c.h; path = ExhibitorsByAlphabetViewController.h; sourceTree = "<group>"; };
		C201387217A373E0009CEA7F /* ExhibitorsByAlphabetViewController.m */ = {isa = PBXFileReference; fileEncoding = 4; lastKnownFileType = sourcecode.c.objc; path = ExhibitorsByAlphabetViewController.m; sourceTree = "<group>"; };
		C201387417A37429009CEA7F /* ExhibitorsByIndustryViewController.h */ = {isa = PBXFileReference; fileEncoding = 4; lastKnownFileType = sourcecode.c.h; path = ExhibitorsByIndustryViewController.h; sourceTree = "<group>"; };
		C201387517A3742A009CEA7F /* ExhibitorsByIndustryViewController.m */ = {isa = PBXFileReference; fileEncoding = 4; lastKnownFileType = sourcecode.c.objc; path = ExhibitorsByIndustryViewController.m; sourceTree = "<group>"; };
		C201387717A3743B009CEA7F /* ExhibitorsByAreaViewController.h */ = {isa = PBXFileReference; fileEncoding = 4; lastKnownFileType = sourcecode.c.h; path = ExhibitorsByAreaViewController.h; sourceTree = "<group>"; };
		C201387817A3743B009CEA7F /* ExhibitorsByAreaViewController.m */ = {isa = PBXFileReference; fileEncoding = 4; lastKnownFileType = sourcecode.c.objc; path = ExhibitorsByAreaViewController.m; sourceTree = "<group>"; };
		C201387A17A3757E009CEA7F /* BaseChannelWithTabsViewController.h */ = {isa = PBXFileReference; fileEncoding = 4; lastKnownFileType = sourcecode.c.h; path = BaseChannelWithTabsViewController.h; sourceTree = "<group>"; };
		C201387B17A3757E009CEA7F /* BaseChannelWithTabsViewController.m */ = {isa = PBXFileReference; fileEncoding = 4; lastKnownFileType = sourcecode.c.objc; path = BaseChannelWithTabsViewController.m; sourceTree = "<group>"; };
		C201387D17A37B46009CEA7F /* MHTabBarContainerBgPattern.png */ = {isa = PBXFileReference; lastKnownFileType = image.png; path = MHTabBarContainerBgPattern.png; sourceTree = "<group>"; };
		C201387E17A37B46009CEA7F /* MHTabBarContainerBgPattern@2x.png */ = {isa = PBXFileReference; lastKnownFileType = image.png; path = "MHTabBarContainerBgPattern@2x.png"; sourceTree = "<group>"; };
		C201388117A37BE0009CEA7F /* MHTabBarActiveBgPattern.png */ = {isa = PBXFileReference; lastKnownFileType = image.png; path = MHTabBarActiveBgPattern.png; sourceTree = "<group>"; };
		C201388217A37BE0009CEA7F /* MHTabBarActiveBgPattern@2x.png */ = {isa = PBXFileReference; lastKnownFileType = image.png; path = "MHTabBarActiveBgPattern@2x.png"; sourceTree = "<group>"; };
		C20931621790F71100F91BB5 /* bg-pattern.png */ = {isa = PBXFileReference; lastKnownFileType = image.png; path = "bg-pattern.png"; sourceTree = "<group>"; };
		C20931631790F71100F91BB5 /* bg-pattern@2x.png */ = {isa = PBXFileReference; lastKnownFileType = image.png; path = "bg-pattern@2x.png"; sourceTree = "<group>"; };
		C20931641790F71100F91BB5 /* icon-profile-online.png */ = {isa = PBXFileReference; lastKnownFileType = image.png; path = "icon-profile-online.png"; sourceTree = "<group>"; };
		C20931651790F71100F91BB5 /* icon-profile-online@2x.png */ = {isa = PBXFileReference; lastKnownFileType = image.png; path = "icon-profile-online@2x.png"; sourceTree = "<group>"; };
		C20931661790F71100F91BB5 /* icon-profile.png */ = {isa = PBXFileReference; lastKnownFileType = image.png; path = "icon-profile.png"; sourceTree = "<group>"; };
		C20931671790F71100F91BB5 /* icon-profile@2x.png */ = {isa = PBXFileReference; lastKnownFileType = image.png; path = "icon-profile@2x.png"; sourceTree = "<group>"; };
		C20931681790F71100F91BB5 /* navigation-bar-bg.png */ = {isa = PBXFileReference; lastKnownFileType = image.png; path = "navigation-bar-bg.png"; sourceTree = "<group>"; };
		C20931691790F71100F91BB5 /* navigation-bar-bg@2x.png */ = {isa = PBXFileReference; lastKnownFileType = image.png; path = "navigation-bar-bg@2x.png"; sourceTree = "<group>"; };
		C20931721790F72400F91BB5 /* HomeViewController.h */ = {isa = PBXFileReference; fileEncoding = 4; lastKnownFileType = sourcecode.c.h; path = HomeViewController.h; sourceTree = "<group>"; };
		C20931731790F72400F91BB5 /* HomeViewController.m */ = {isa = PBXFileReference; fileEncoding = 4; lastKnownFileType = sourcecode.c.objc; path = HomeViewController.m; sourceTree = "<group>"; };
		C21879AF17A90DB60075554F /* ExhibitorListViewController.h */ = {isa = PBXFileReference; fileEncoding = 4; lastKnownFileType = sourcecode.c.h; path = ExhibitorListViewController.h; sourceTree = "<group>"; };
		C21879B017A90DB60075554F /* ExhibitorListViewController.m */ = {isa = PBXFileReference; fileEncoding = 4; lastKnownFileType = sourcecode.c.objc; path = ExhibitorListViewController.m; sourceTree = "<group>"; };
		C22133F817A77A68006622F2 /* newsStyle.css */ = {isa = PBXFileReference; fileEncoding = 4; lastKnownFileType = text.css; path = newsStyle.css; sourceTree = "<group>"; };
		C22133FA17A77CA1006622F2 /* icon-comment.png */ = {isa = PBXFileReference; lastKnownFileType = image.png; path = "icon-comment.png"; sourceTree = "<group>"; };
		C22133FB17A77CA1006622F2 /* icon-comment@2x.png */ = {isa = PBXFileReference; lastKnownFileType = image.png; path = "icon-comment@2x.png"; sourceTree = "<group>"; };
		C22133FE17A77CAB006622F2 /* icon-share.png */ = {isa = PBXFileReference; lastKnownFileType = image.png; path = "icon-share.png"; sourceTree = "<group>"; };
		C22133FF17A77CAB006622F2 /* icon-share@2x.png */ = {isa = PBXFileReference; lastKnownFileType = image.png; path = "icon-share@2x.png"; sourceTree = "<group>"; };
		C25CC6C4178A979A0055E82A /* Constants.h */ = {isa = PBXFileReference; fileEncoding = 4; lastKnownFileType = sourcecode.c.h; path = Constants.h; sourceTree = "<group>"; };
		C25CC6C5178A979A0055E82A /* Enums.h */ = {isa = PBXFileReference; fileEncoding = 4; lastKnownFileType = sourcecode.c.h; path = Enums.h; sourceTree = "<group>"; };
		C25CC6C6178A979A0055E82A /* NetWorkReachability.h */ = {isa = PBXFileReference; fileEncoding = 4; lastKnownFileType = sourcecode.c.h; path = NetWorkReachability.h; sourceTree = "<group>"; };
		C25CC6C7178A979A0055E82A /* NetWorkReachability.m */ = {isa = PBXFileReference; fileEncoding = 4; lastKnownFileType = sourcecode.c.objc; path = NetWorkReachability.m; sourceTree = "<group>"; };
		C25CC6C8178A979A0055E82A /* UserDefaultsKeys.h */ = {isa = PBXFileReference; fileEncoding = 4; lastKnownFileType = sourcecode.c.h; path = UserDefaultsKeys.h; sourceTree = "<group>"; };
		C25CC6CA178A98C20055E82A /* GTMDefines.h */ = {isa = PBXFileReference; fileEncoding = 4; lastKnownFileType = sourcecode.c.h; path = GTMDefines.h; sourceTree = "<group>"; };
		C25CC6CB178A98C20055E82A /* GTMNSString+HTML.h */ = {isa = PBXFileReference; fileEncoding = 4; lastKnownFileType = sourcecode.c.h; path = "GTMNSString+HTML.h"; sourceTree = "<group>"; };
		C25CC6CC178A98C20055E82A /* GTMNSString+HTML.m */ = {isa = PBXFileReference; fileEncoding = 4; lastKnownFileType = sourcecode.c.objc; path = "GTMNSString+HTML.m"; sourceTree = "<group>"; };
		C25CC6CD178A98C20055E82A /* UIColor+BR.h */ = {isa = PBXFileReference; fileEncoding = 4; lastKnownFileType = sourcecode.c.h; path = "UIColor+BR.h"; sourceTree = "<group>"; };
		C25CC6CE178A98C20055E82A /* UIColor+BR.m */ = {isa = PBXFileReference; fileEncoding = 4; lastKnownFileType = sourcecode.c.objc; path = "UIColor+BR.m"; sourceTree = "<group>"; };
		C25CC6CF178A98C20055E82A /* UIImage+BR.h */ = {isa = PBXFileReference; fileEncoding = 4; lastKnownFileType = sourcecode.c.h; path = "UIImage+BR.h"; sourceTree = "<group>"; };
		C25CC6D0178A98C20055E82A /* UIImage+BR.m */ = {isa = PBXFileReference; fileEncoding = 4; lastKnownFileType = sourcecode.c.objc; path = "UIImage+BR.m"; sourceTree = "<group>"; };
		C25CC6D1178A98C20055E82A /* UINavigationBar+BR.h */ = {isa = PBXFileReference; fileEncoding = 4; lastKnownFileType = sourcecode.c.h; path = "UINavigationBar+BR.h"; sourceTree = "<group>"; };
		C25CC6D2178A98C20055E82A /* UINavigationBar+BR.m */ = {isa = PBXFileReference; fileEncoding = 4; lastKnownFileType = sourcecode.c.objc; path = "UINavigationBar+BR.m"; sourceTree = "<group>"; };
		C25CC6D3178A98C20055E82A /* UIView+BR.h */ = {isa = PBXFileReference; fileEncoding = 4; lastKnownFileType = sourcecode.c.h; path = "UIView+BR.h"; sourceTree = "<group>"; };
		C25CC6D4178A98C20055E82A /* UIView+BR.m */ = {isa = PBXFileReference; fileEncoding = 4; lastKnownFileType = sourcecode.c.objc; path = "UIView+BR.m"; sourceTree = "<group>"; };
		C25CC6DA178A992A0055E82A /* DataManager.h */ = {isa = PBXFileReference; fileEncoding = 4; lastKnownFileType = sourcecode.c.h; path = DataManager.h; sourceTree = "<group>"; };
		C25CC6DB178A992B0055E82A /* DataManager.m */ = {isa = PBXFileReference; fileEncoding = 4; lastKnownFileType = sourcecode.c.objc; path = DataManager.m; sourceTree = "<group>"; };
		C27F975C179233E400E79A78 /* BannerViewController.h */ = {isa = PBXFileReference; fileEncoding = 4; lastKnownFileType = sourcecode.c.h; path = BannerViewController.h; sourceTree = "<group>"; };
		C27F975D179233E400E79A78 /* BannerViewController.m */ = {isa = PBXFileReference; fileEncoding = 4; lastKnownFileType = sourcecode.c.objc; path = BannerViewController.m; sourceTree = "<group>"; };
		C27F97621792431100E79A78 /* logo-and-text.png */ = {isa = PBXFileReference; lastKnownFileType = image.png; path = "logo-and-text.png"; sourceTree = "<group>"; };
		C27F97631792431100E79A78 /* logo-and-text@2x.png */ = {isa = PBXFileReference; lastKnownFileType = image.png; path = "logo-and-text@2x.png"; sourceTree = "<group>"; };
		C27F9766179245F500E79A78 /* UIView+JMNoise.h */ = {isa = PBXFileReference; fileEncoding = 4; lastKnownFileType = sourcecode.c.h; path = "UIView+JMNoise.h"; sourceTree = "<group>"; };
		C27F9767179245F500E79A78 /* UIView+JMNoise.m */ = {isa = PBXFileReference; fileEncoding = 4; lastKnownFileType = sourcecode.c.objc; path = "UIView+JMNoise.m"; sourceTree = "<group>"; };
		C27F9769179250CD00E79A78 /* button-icon-calendar.png */ = {isa = PBXFileReference; lastKnownFileType = image.png; path = "button-icon-calendar.png"; sourceTree = "<group>"; };
		C27F976A179250CD00E79A78 /* button-icon-calendar@2x.png */ = {isa = PBXFileReference; lastKnownFileType = image.png; path = "button-icon-calendar@2x.png"; sourceTree = "<group>"; };
		C27F976B179250CD00E79A78 /* button-icon-exhibitor.png */ = {isa = PBXFileReference; lastKnownFileType = image.png; path = "button-icon-exhibitor.png"; sourceTree = "<group>"; };
		C27F976C179250CD00E79A78 /* button-icon-exhibitor@2x.png */ = {isa = PBXFileReference; lastKnownFileType = image.png; path = "button-icon-exhibitor@2x.png"; sourceTree = "<group>"; };
		C27F976D179250CD00E79A78 /* button-icon-faq.png */ = {isa = PBXFileReference; lastKnownFileType = image.png; path = "button-icon-faq.png"; sourceTree = "<group>"; };
		C27F976E179250CD00E79A78 /* button-icon-faq@2x.png */ = {isa = PBXFileReference; lastKnownFileType = image.png; path = "button-icon-faq@2x.png"; sourceTree = "<group>"; };
		C27F976F179250CD00E79A78 /* button-icon-intro.png */ = {isa = PBXFileReference; lastKnownFileType = image.png; path = "button-icon-intro.png"; sourceTree = "<group>"; };
		C27F9770179250CD00E79A78 /* button-icon-intro@2x.png */ = {isa = PBXFileReference; lastKnownFileType = image.png; path = "button-icon-intro@2x.png"; sourceTree = "<group>"; };
		C27F9771179250CD00E79A78 /* button-icon-map.png */ = {isa = PBXFileReference; lastKnownFileType = image.png; path = "button-icon-map.png"; sourceTree = "<group>"; };
		C27F9772179250CD00E79A78 /* button-icon-map@2x.png */ = {isa = PBXFileReference; lastKnownFileType = image.png; path = "button-icon-map@2x.png"; sourceTree = "<group>"; };
		C27F9773179250CD00E79A78 /* button-icon-news.png */ = {isa = PBXFileReference; lastKnownFileType = image.png; path = "button-icon-news.png"; sourceTree = "<group>"; };
		C27F9774179250CD00E79A78 /* button-icon-news@2x.png */ = {isa = PBXFileReference; lastKnownFileType = image.png; path = "button-icon-news@2x.png"; sourceTree = "<group>"; };
		C27F9775179250CD00E79A78 /* button-icon-notification.png */ = {isa = PBXFileReference; lastKnownFileType = image.png; path = "button-icon-notification.png"; sourceTree = "<group>"; };
		C27F9776179250CD00E79A78 /* button-icon-notification@2x.png */ = {isa = PBXFileReference; lastKnownFileType = image.png; path = "button-icon-notification@2x.png"; sourceTree = "<group>"; };
		C27F9777179250CD00E79A78 /* button-icon-picture.png */ = {isa = PBXFileReference; lastKnownFileType = image.png; path = "button-icon-picture.png"; sourceTree = "<group>"; };
		C27F9778179250CD00E79A78 /* button-icon-picture@2x.png */ = {isa = PBXFileReference; lastKnownFileType = image.png; path = "button-icon-picture@2x.png"; sourceTree = "<group>"; };
		C27F9779179250CD00E79A78 /* button-icon-subscribe.png */ = {isa = PBXFileReference; lastKnownFileType = image.png; path = "button-icon-subscribe.png"; sourceTree = "<group>"; };
		C27F977A179250CD00E79A78 /* button-icon-subscribe@2x.png */ = {isa = PBXFileReference; lastKnownFileType = image.png; path = "button-icon-subscribe@2x.png"; sourceTree = "<group>"; };
		C27F978D17925A8400E79A78 /* ChannelIconButton.h */ = {isa = PBXFileReference; fileEncoding = 4; lastKnownFileType = sourcecode.c.h; path = ChannelIconButton.h; sourceTree = "<group>"; };
		C27F978E17925A8400E79A78 /* ChannelIconButton.m */ = {isa = PBXFileReference; fileEncoding = 4; lastKnownFileType = sourcecode.c.objc; path = ChannelIconButton.m; sourceTree = "<group>"; };
		C2D5151D17A4D73E00119089 /* ExhibitorInfoViewController.h */ = {isa = PBXFileReference; fileEncoding = 4; lastKnownFileType = sourcecode.c.h; path = ExhibitorInfoViewController.h; sourceTree = "<group>"; };
		C2D5151E17A4D73E00119089 /* ExhibitorInfoViewController.m */ = {isa = PBXFileReference; fileEncoding = 4; lastKnownFileType = sourcecode.c.objc; path = ExhibitorInfoViewController.m; sourceTree = "<group>"; };
		C2D5152717A4EB6700119089 /* NewsListViewController.h */ = {isa = PBXFileReference; fileEncoding = 4; lastKnownFileType = sourcecode.c.h; path = NewsListViewController.h; sourceTree = "<group>"; };
		C2D5152817A4EB6700119089 /* NewsListViewController.m */ = {isa = PBXFileReference; fileEncoding = 4; lastKnownFileType = sourcecode.c.objc; path = NewsListViewController.m; sourceTree = "<group>"; };
		C2D5152D17A4EE4500119089 /* NewsInfoViewController.h */ = {isa = PBXFileReference; fileEncoding = 4; lastKnownFileType = sourcecode.c.h; path = NewsInfoViewController.h; sourceTree = "<group>"; };
		C2D5152E17A4EE4500119089 /* NewsInfoViewController.m */ = {isa = PBXFileReference; fileEncoding = 4; lastKnownFileType = sourcecode.c.objc; path = NewsInfoViewController.m; sourceTree = "<group>"; };
		C2D5153017A4F49300119089 /* cell-image-placeholder.png */ = {isa = PBXFileReference; lastKnownFileType = image.png; path = "cell-image-placeholder.png"; sourceTree = "<group>"; };
		C2D5153117A4F49300119089 /* cell-image-placeholder@2x.png */ = {isa = PBXFileReference; lastKnownFileType = image.png; path = "cell-image-placeholder@2x.png"; sourceTree = "<group>"; };
		C2D5153417A4FD7100119089 /* NewsTableViewCell.h */ = {isa = PBXFileReference; fileEncoding = 4; lastKnownFileType = sourcecode.c.h; path = NewsTableViewCell.h; sourceTree = "<group>"; };
		C2D5153517A4FD7100119089 /* NewsTableViewCell.m */ = {isa = PBXFileReference; fileEncoding = 4; lastKnownFileType = sourcecode.c.objc; path = NewsTableViewCell.m; sourceTree = "<group>"; };
		C2D5153717A513C300119089 /* MHTabBarIndicator.png */ = {isa = PBXFileReference; lastKnownFileType = image.png; path = MHTabBarIndicator.png; sourceTree = "<group>"; };
		C2D5153817A513C300119089 /* MHTabBarIndicator@2x.png */ = {isa = PBXFileReference; lastKnownFileType = image.png; path = "MHTabBarIndicator@2x.png"; sourceTree = "<group>"; };
		C2D5153C17A5185000119089 /* EventListViewController.h */ = {isa = PBXFileReference; fileEncoding = 4; lastKnownFileType = sourcecode.c.h; path = EventListViewController.h; sourceTree = "<group>"; };
		C2D5153D17A5185000119089 /* EventListViewController.m */ = {isa = PBXFileReference; fileEncoding = 4; lastKnownFileType = sourcecode.c.objc; path = EventListViewController.m; sourceTree = "<group>"; };
		C2D5153F17A518AD00119089 /* EventTableViewCell.h */ = {isa = PBXFileReference; fileEncoding = 4; lastKnownFileType = sourcecode.c.h; path = EventTableViewCell.h; sourceTree = "<group>"; };
		C2D5154017A518AD00119089 /* EventTableViewCell.m */ = {isa = PBXFileReference; fileEncoding = 4; lastKnownFileType = sourcecode.c.objc; path = EventTableViewCell.m; sourceTree = "<group>"; };
		C2D5154217A518F300119089 /* EventInfoViewController.h */ = {isa = PBXFileReference; fileEncoding = 4; lastKnownFileType = sourcecode.c.h; path = EventInfoViewController.h; sourceTree = "<group>"; };
		C2D5154317A518F300119089 /* EventInfoViewController.m */ = {isa = PBXFileReference; fileEncoding = 4; lastKnownFileType = sourcecode.c.objc; path = EventInfoViewController.m; sourceTree = "<group>"; };
		C2D5154517A51ADB00119089 /* CalendarViewController.h */ = {isa = PBXFileReference; fileEncoding = 4; lastKnownFileType = sourcecode.c.h; path = CalendarViewController.h; sourceTree = "<group>"; };
		C2D5154617A51ADB00119089 /* CalendarViewController.m */ = {isa = PBXFileReference; fileEncoding = 4; lastKnownFileType = sourcecode.c.objc; path = CalendarViewController.m; sourceTree = "<group>"; };
		C2D5154817A51BD300119089 /* ExhibitorViewController.h */ = {isa = PBXFileReference; fileEncoding = 4; lastKnownFileType = sourcecode.c.h; path = ExhibitorViewController.h; sourceTree = "<group>"; };
		C2D5154917A51BD400119089 /* ExhibitorViewController.m */ = {isa = PBXFileReference; fileEncoding = 4; lastKnownFileType = sourcecode.c.objc; path = ExhibitorViewController.m; sourceTree = "<group>"; };
		C2E4B57A1797776600388B11 /* BaseChannelViewController.h */ = {isa = PBXFileReference; fileEncoding = 4; lastKnownFileType = sourcecode.c.h; path = BaseChannelViewController.h; sourceTree = "<group>"; };
		C2E4B57B1797776600388B11 /* BaseChannelViewController.m */ = {isa = PBXFileReference; fileEncoding = 4; lastKnownFileType = sourcecode.c.objc; path = BaseChannelViewController.m; sourceTree = "<group>"; };
		C2E4B57D1797784E00388B11 /* icon-back.png */ = {isa = PBXFileReference; lastKnownFileType = image.png; path = "icon-back.png"; sourceTree = "<group>"; };
		C2E4B57E1797784E00388B11 /* icon-back@2x.png */ = {isa = PBXFileReference; lastKnownFileType = image.png; path = "icon-back@2x.png"; sourceTree = "<group>"; };
		C2E4B5901797A05900388B11 /* CPSEAFClient.h */ = {isa = PBXFileReference; fileEncoding = 4; lastKnownFileType = sourcecode.c.h; path = CPSEAFClient.h; sourceTree = "<group>"; };
		C2E4B5911797A05900388B11 /* CPSEAFClient.m */ = {isa = PBXFileReference; fileEncoding = 4; lastKnownFileType = sourcecode.c.objc; path = CPSEAFClient.m; sourceTree = "<group>"; };
/* End PBXFileReference section */

/* Begin PBXFrameworksBuildPhase section */
		C2005FA4178A8E0700200E1E /* Frameworks */ = {
			isa = PBXFrameworksBuildPhase;
			buildActionMask = 2147483647;
			files = (
				C2006049178A93C000200E1E /* QuartzCore.framework in Frameworks */,
				C2006047178A93B900200E1E /* SystemConfiguration.framework in Frameworks */,
				C2006045178A93AF00200E1E /* MediaPlayer.framework in Frameworks */,
				C2006043178A93A800200E1E /* libsqlite3.dylib in Frameworks */,
				C2006041178A93A000200E1E /* libz.dylib in Frameworks */,
				C200603F178A939700200E1E /* MobileCoreServices.framework in Frameworks */,
				C2005FAB178A8E0700200E1E /* UIKit.framework in Frameworks */,
				C2005FAD178A8E0700200E1E /* Foundation.framework in Frameworks */,
				C2005FAF178A8E0700200E1E /* CoreGraphics.framework in Frameworks */,
				C2006031178A926700200E1E /* libMobClickLibrary.a in Frameworks */,
				C2006032178A926700200E1E /* libUMFeedback.a in Frameworks */,
				C2006033178A926700200E1E /* libWeChatSDK_armv7_armv7s.a in Frameworks */,
				C2006034178A926700200E1E /* libUMSocial_Sdk_2.1.3.a in Frameworks */,
				C2006035178A926700200E1E /* libUMSocial_Sdk_Comment_2.1.3.a in Frameworks */,
			);
			runOnlyForDeploymentPostprocessing = 0;
		};
/* End PBXFrameworksBuildPhase section */

/* Begin PBXGroup section */
		C2005F9E178A8E0700200E1E = {
			isa = PBXGroup;
			children = (
				C2005FD6178A926700200E1E /* Assets */,
				C2005FD7178A926700200E1E /* CPSE */,
				C2005FA9178A8E0700200E1E /* Frameworks */,
				C2005FA8178A8E0700200E1E /* Products */,
				C2005FC7178A925A00200E1E /* Supporting Files */,
			);
			sourceTree = "<group>";
		};
		C2005FA8178A8E0700200E1E /* Products */ = {
			isa = PBXGroup;
			children = (
				C2005FA7178A8E0700200E1E /* CPSE.app */,
			);
			name = Products;
			sourceTree = "<group>";
		};
		C2005FA9178A8E0700200E1E /* Frameworks */ = {
			isa = PBXGroup;
			children = (
				C2006048178A93C000200E1E /* QuartzCore.framework */,
				C2006046178A93B900200E1E /* SystemConfiguration.framework */,
				C2006044178A93AF00200E1E /* MediaPlayer.framework */,
				C2006042178A93A800200E1E /* libsqlite3.dylib */,
				C2006040178A93A000200E1E /* libz.dylib */,
				C200603E178A939700200E1E /* MobileCoreServices.framework */,
				C2005FAA178A8E0700200E1E /* UIKit.framework */,
				C2005FAC178A8E0700200E1E /* Foundation.framework */,
				C2005FAE178A8E0700200E1E /* CoreGraphics.framework */,
			);
			name = Frameworks;
			sourceTree = "<group>";
		};
		C2005FC7178A925A00200E1E /* Supporting Files */ = {
			isa = PBXGroup;
			children = (
				C2005FC8178A925A00200E1E /* CPSE-Info.plist */,
				C2005FC9178A925A00200E1E /* CPSE-Prefix.pch */,
				C2005FCA178A925A00200E1E /* Default-568h@2x.png */,
				C2005FCB178A925A00200E1E /* Default.png */,
				C2005FCC178A925A00200E1E /* Default@2x.png */,
				C2005FCD178A925A00200E1E /* InfoPlist.strings */,
				C2005FCF178A925A00200E1E /* main.m */,
			);
			path = "Supporting Files";
			sourceTree = "<group>";
		};
		C2005FD6178A926700200E1E /* Assets */ = {
			isa = PBXGroup;
			children = (
				C20931611790F71100F91BB5 /* Images */,
				C22133F817A77A68006622F2 /* newsStyle.css */,
			);
			path = Assets;
			sourceTree = "<group>";
		};
		C2005FD7178A926700200E1E /* CPSE */ = {
			isa = PBXGroup;
			children = (
				C2005FD8178A926700200E1E /* AppDelegate.h */,
				C2005FD9178A926700200E1E /* AppDelegate.m */,
				C2005FDA178A926700200E1E /* Classes */,
				C2005FDD178A926700200E1E /* Controllers */,
				C2005FDE178A926700200E1E /* Models */,
				C2005FDF178A926700200E1E /* Vendors */,
				C2006020178A926700200E1E /* Views */,
			);
			path = CPSE;
			sourceTree = "<group>";
		};
		C2005FDA178A926700200E1E /* Classes */ = {
			isa = PBXGroup;
			children = (
				C2005FDB178A926700200E1E /* Extensions */,
				C2005FDC178A926700200E1E /* Helpers */,
				C25CC6DA178A992A0055E82A /* DataManager.h */,
				C25CC6DB178A992B0055E82A /* DataManager.m */,
			);
			path = Classes;
			sourceTree = "<group>";
		};
		C2005FDB178A926700200E1E /* Extensions */ = {
			isa = PBXGroup;
			children = (
				C25CC6CA178A98C20055E82A /* GTMDefines.h */,
				C25CC6CB178A98C20055E82A /* GTMNSString+HTML.h */,
				C25CC6CC178A98C20055E82A /* GTMNSString+HTML.m */,
				C25CC6CD178A98C20055E82A /* UIColor+BR.h */,
				C25CC6CE178A98C20055E82A /* UIColor+BR.m */,
				C25CC6CF178A98C20055E82A /* UIImage+BR.h */,
				C25CC6D0178A98C20055E82A /* UIImage+BR.m */,
				C25CC6D1178A98C20055E82A /* UINavigationBar+BR.h */,
				C25CC6D2178A98C20055E82A /* UINavigationBar+BR.m */,
				C25CC6D3178A98C20055E82A /* UIView+BR.h */,
				C25CC6D4178A98C20055E82A /* UIView+BR.m */,
				C27F9766179245F500E79A78 /* UIView+JMNoise.h */,
				C27F9767179245F500E79A78 /* UIView+JMNoise.m */,
			);
			path = Extensions;
			sourceTree = "<group>";
		};
		C2005FDC178A926700200E1E /* Helpers */ = {
			isa = PBXGroup;
			children = (
				C25CC6C4178A979A0055E82A /* Constants.h */,
				C2E4B5901797A05900388B11 /* CPSEAFClient.h */,
				C2E4B5911797A05900388B11 /* CPSEAFClient.m */,
				C25CC6C5178A979A0055E82A /* Enums.h */,
				C25CC6C6178A979A0055E82A /* NetWorkReachability.h */,
				C25CC6C7178A979A0055E82A /* NetWorkReachability.m */,
				C25CC6C8178A979A0055E82A /* UserDefaultsKeys.h */,
			);
			path = Helpers;
			sourceTree = "<group>";
		};
		C2005FDD178A926700200E1E /* Controllers */ = {
			isa = PBXGroup;
			children = (
				C2D5153B17A517BE00119089 /* Calendar */,
				C201386917A372D1009CEA7F /* Exhibitors */,
				C2D5152617A4EB1F00119089 /* News */,
				C27F975C179233E400E79A78 /* BannerViewController.h */,
				C27F975D179233E400E79A78 /* BannerViewController.m */,
				C2E4B57A1797776600388B11 /* BaseChannelViewController.h */,
				C2E4B57B1797776600388B11 /* BaseChannelViewController.m */,
				C201387A17A3757E009CEA7F /* BaseChannelWithTabsViewController.h */,
				C201387B17A3757E009CEA7F /* BaseChannelWithTabsViewController.m */,
				C20931721790F72400F91BB5 /* HomeViewController.h */,
				C20931731790F72400F91BB5 /* HomeViewController.m */,
			);
			path = Controllers;
			sourceTree = "<group>";
		};
		C2005FDE178A926700200E1E /* Models */ = {
			isa = PBXGroup;
			children = (
			);
			path = Models;
			sourceTree = "<group>";
		};
		C2005FDF178A926700200E1E /* Vendors */ = {
			isa = PBXGroup;
			children = (
				C2005FE0178A926700200E1E /* AFNetworking */,
				C2005FF4178A926700200E1E /* fmdb */,
				C201386D17A372E1009CEA7F /* MHTabBarController */,
				C2005FFF178A926700200E1E /* UMeng */,
				C2006004178A926700200E1E /* UMSocial_Sdk_2.1.3 */,
			);
			path = Vendors;
			sourceTree = "<group>";
		};
		C2005FE0178A926700200E1E /* AFNetworking */ = {
			isa = PBXGroup;
			children = (
				C2005FE1178A926700200E1E /* AFHTTPClient.h */,
				C2005FE2178A926700200E1E /* AFHTTPClient.m */,
				C2005FE3178A926700200E1E /* AFHTTPRequestOperation.h */,
				C2005FE4178A926700200E1E /* AFHTTPRequestOperation.m */,
				C2005FE5178A926700200E1E /* AFImageRequestOperation.h */,
				C2005FE6178A926700200E1E /* AFImageRequestOperation.m */,
				C2005FE7178A926700200E1E /* AFJSONRequestOperation.h */,
				C2005FE8178A926700200E1E /* AFJSONRequestOperation.m */,
				C2005FE9178A926700200E1E /* AFNetworkActivityIndicatorManager.h */,
				C2005FEA178A926700200E1E /* AFNetworkActivityIndicatorManager.m */,
				C2005FEB178A926700200E1E /* AFNetworking.h */,
				C2005FEC178A926700200E1E /* AFPropertyListRequestOperation.h */,
				C2005FED178A926700200E1E /* AFPropertyListRequestOperation.m */,
				C2005FEE178A926700200E1E /* AFURLConnectionOperation.h */,
				C2005FEF178A926700200E1E /* AFURLConnectionOperation.m */,
				C2005FF0178A926700200E1E /* AFXMLRequestOperation.h */,
				C2005FF1178A926700200E1E /* AFXMLRequestOperation.m */,
				C2005FF2178A926700200E1E /* UIImageView+AFNetworking.h */,
				C2005FF3178A926700200E1E /* UIImageView+AFNetworking.m */,
			);
			path = AFNetworking;
			sourceTree = "<group>";
		};
		C2005FF4178A926700200E1E /* fmdb */ = {
			isa = PBXGroup;
			children = (
				C2005FF5178A926700200E1E /* FMDatabase.h */,
				C2005FF6178A926700200E1E /* FMDatabase.m */,
				C2005FF7178A926700200E1E /* FMDatabaseAdditions.h */,
				C2005FF8178A926700200E1E /* FMDatabaseAdditions.m */,
				C2005FF9178A926700200E1E /* FMDatabasePool.h */,
				C2005FFA178A926700200E1E /* FMDatabasePool.m */,
				C2005FFB178A926700200E1E /* FMDatabaseQueue.h */,
				C2005FFC178A926700200E1E /* FMDatabaseQueue.m */,
				C2005FFD178A926700200E1E /* FMResultSet.h */,
				C2005FFE178A926700200E1E /* FMResultSet.m */,
			);
			path = fmdb;
			sourceTree = "<group>";
		};
		C2005FFF178A926700200E1E /* UMeng */ = {
			isa = PBXGroup;
			children = (
				C2006000178A926700200E1E /* libMobClickLibrary.a */,
				C2006001178A926700200E1E /* libUMFeedback.a */,
				C2006002178A926700200E1E /* MobClick.h */,
				C2006003178A926700200E1E /* UMFeedback.h */,
			);
			path = UMeng;
			sourceTree = "<group>";
		};
		C2006004178A926700200E1E /* UMSocial_Sdk_2.1.3 */ = {
			isa = PBXGroup;
			children = (
				C2006005178A926700200E1E /* frameworks */,
				C200600A178A926700200E1E /* Header */,
				C2006015178A926700200E1E /* libUMSocial_Sdk_2.1.3.a */,
				C2006016178A926700200E1E /* libUMSocial_Sdk_Comment_2.1.3.a */,
				C2006017178A926700200E1E /* SocialSDKXib */,
				C200601F178A926700200E1E /* UMSocialSDKResources.bundle */,
			);
			path = UMSocial_Sdk_2.1.3;
			sourceTree = "<group>";
		};
		C2006005178A926700200E1E /* frameworks */ = {
			isa = PBXGroup;
			children = (
				C2006006178A926700200E1E /* Wechat */,
			);
			path = frameworks;
			sourceTree = "<group>";
		};
		C2006006178A926700200E1E /* Wechat */ = {
			isa = PBXGroup;
			children = (
				C2006007178A926700200E1E /* libWeChatSDK_armv7_armv7s.a */,
				C2006008178A926700200E1E /* WXApi.h */,
				C2006009178A926700200E1E /* WXApiObject.h */,
			);
			path = Wechat;
			sourceTree = "<group>";
		};
		C200600A178A926700200E1E /* Header */ = {
			isa = PBXGroup;
			children = (
				C200600B178A926700200E1E /* UMSocial.h */,
				C200600C178A926700200E1E /* UMSocialAccountManager.h */,
				C200600D178A926700200E1E /* UMSocialBar.h */,
				C200600E178A926700200E1E /* UMSocialConfig.h */,
				C200600F178A926700200E1E /* UMSocialControllerService.h */,
				C2006010178A926700200E1E /* UMSocialControllerServiceComment.h */,
				C2006011178A926700200E1E /* UMSocialData.h */,
				C2006012178A926700200E1E /* UMSocialDataService.h */,
				C2006013178A926700200E1E /* UMSocialSnsPlatformManager.h */,
				C2006014178A926700200E1E /* UMSocialSnsService.h */,
			);
			path = Header;
			sourceTree = "<group>";
		};
		C2006017178A926700200E1E /* SocialSDKXib */ = {
			isa = PBXGroup;
			children = (
				C2006018178A926700200E1E /* UMSCommentDetailController.xib */,
				C2006019178A926700200E1E /* UMSCommentInputController.xib */,
				C200601A178A926700200E1E /* UMSCommentInputControlleriPad.xib */,
				C200601B178A926700200E1E /* UMShareEditViewController.xib */,
				C200601C178A926700200E1E /* UMShareEditViewControlleriPad.xib */,
				C200601D178A926700200E1E /* UMSnsAccountViewController.xib */,
				C200601E178A926700200E1E /* UMSShareListController.xib */,
			);
			path = SocialSDKXib;
			sourceTree = "<group>";
		};
		C2006020178A926700200E1E /* Views */ = {
			isa = PBXGroup;
			children = (
				C2006021178A926700200E1E /* Components */,
			);
			path = Views;
			sourceTree = "<group>";
		};
		C2006021178A926700200E1E /* Components */ = {
			isa = PBXGroup;
			children = (
				C27F978D17925A8400E79A78 /* ChannelIconButton.h */,
				C27F978E17925A8400E79A78 /* ChannelIconButton.m */,
			);
			path = Components;
			sourceTree = "<group>";
		};
		C201386917A372D1009CEA7F /* Exhibitors */ = {
			isa = PBXGroup;
			children = (
				C201387117A373E0009CEA7F /* ExhibitorsByAlphabetViewController.h */,
				C201387217A373E0009CEA7F /* ExhibitorsByAlphabetViewController.m */,
				C201387717A3743B009CEA7F /* ExhibitorsByAreaViewController.h */,
				C201387817A3743B009CEA7F /* ExhibitorsByAreaViewController.m */,
				C201387417A37429009CEA7F /* ExhibitorsByIndustryViewController.h */,
				C201387517A3742A009CEA7F /* ExhibitorsByIndustryViewController.m */,
				C2D5151D17A4D73E00119089 /* ExhibitorInfoViewController.h */,
				C2D5151E17A4D73E00119089 /* ExhibitorInfoViewController.m */,
				C21879AF17A90DB60075554F /* ExhibitorListViewController.h */,
				C21879B017A90DB60075554F /* ExhibitorListViewController.m */,
				C2D5154817A51BD300119089 /* ExhibitorViewController.h */,
				C2D5154917A51BD400119089 /* ExhibitorViewController.m */,
			);
			path = Exhibitors;
			sourceTree = "<group>";
		};
		C201386D17A372E1009CEA7F /* MHTabBarController */ = {
			isa = PBXGroup;
			children = (
				C201386E17A372E1009CEA7F /* MHTabBarController.h */,
				C201386F17A372E1009CEA7F /* MHTabBarController.m */,
			);
			path = MHTabBarController;
			sourceTree = "<group>";
		};
		C20931611790F71100F91BB5 /* Images */ = {
			isa = PBXGroup;
			children = (
				C20931621790F71100F91BB5 /* bg-pattern.png */,
				C20931631790F71100F91BB5 /* bg-pattern@2x.png */,
				C27F9769179250CD00E79A78 /* button-icon-calendar.png */,
				C27F976A179250CD00E79A78 /* button-icon-calendar@2x.png */,
				C27F976B179250CD00E79A78 /* button-icon-exhibitor.png */,
				C27F976C179250CD00E79A78 /* button-icon-exhibitor@2x.png */,
				C27F976D179250CD00E79A78 /* button-icon-faq.png */,
				C27F976E179250CD00E79A78 /* button-icon-faq@2x.png */,
				C27F976F179250CD00E79A78 /* button-icon-intro.png */,
				C27F9770179250CD00E79A78 /* button-icon-intro@2x.png */,
				C27F9771179250CD00E79A78 /* button-icon-map.png */,
				C27F9772179250CD00E79A78 /* button-icon-map@2x.png */,
				C27F9773179250CD00E79A78 /* button-icon-news.png */,
				C27F9774179250CD00E79A78 /* button-icon-news@2x.png */,
				C27F9775179250CD00E79A78 /* button-icon-notification.png */,
				C27F9776179250CD00E79A78 /* button-icon-notification@2x.png */,
				C27F9777179250CD00E79A78 /* button-icon-picture.png */,
				C27F9778179250CD00E79A78 /* button-icon-picture@2x.png */,
				C27F9779179250CD00E79A78 /* button-icon-subscribe.png */,
				C27F977A179250CD00E79A78 /* button-icon-subscribe@2x.png */,
				C2D5153017A4F49300119089 /* cell-image-placeholder.png */,
				C2D5153117A4F49300119089 /* cell-image-placeholder@2x.png */,
				C2E4B57D1797784E00388B11 /* icon-back.png */,
				C2E4B57E1797784E00388B11 /* icon-back@2x.png */,
				C22133FA17A77CA1006622F2 /* icon-comment.png */,
				C22133FB17A77CA1006622F2 /* icon-comment@2x.png */,
				C20931641790F71100F91BB5 /* icon-profile-online.png */,
				C20931651790F71100F91BB5 /* icon-profile-online@2x.png */,
				C20931661790F71100F91BB5 /* icon-profile.png */,
				C20931671790F71100F91BB5 /* icon-profile@2x.png */,
				C22133FE17A77CAB006622F2 /* icon-share.png */,
				C22133FF17A77CAB006622F2 /* icon-share@2x.png */,
				C27F97621792431100E79A78 /* logo-and-text.png */,
				C27F97631792431100E79A78 /* logo-and-text@2x.png */,
				C201388117A37BE0009CEA7F /* MHTabBarActiveBgPattern.png */,
				C201388217A37BE0009CEA7F /* MHTabBarActiveBgPattern@2x.png */,
				C201387D17A37B46009CEA7F /* MHTabBarContainerBgPattern.png */,
				C201387E17A37B46009CEA7F /* MHTabBarContainerBgPattern@2x.png */,
				C2D5153717A513C300119089 /* MHTabBarIndicator.png */,
				C2D5153817A513C300119089 /* MHTabBarIndicator@2x.png */,
				C20931681790F71100F91BB5 /* navigation-bar-bg.png */,
				C20931691790F71100F91BB5 /* navigation-bar-bg@2x.png */,
			);
			path = Images;
			sourceTree = "<group>";
		};
		C2D5152617A4EB1F00119089 /* News */ = {
			isa = PBXGroup;
			children = (
				C2D5152D17A4EE4500119089 /* NewsInfoViewController.h */,
				C2D5152E17A4EE4500119089 /* NewsInfoViewController.m */,
				C2D5152717A4EB6700119089 /* NewsListViewController.h */,
				C2D5152817A4EB6700119089 /* NewsListViewController.m */,
				C2D5153417A4FD7100119089 /* NewsTableViewCell.h */,
				C2D5153517A4FD7100119089 /* NewsTableViewCell.m */,
			);
			path = News;
			sourceTree = "<group>";
		};
		C2D5153B17A517BE00119089 /* Calendar */ = {
			isa = PBXGroup;
			children = (
				C2D5154517A51ADB00119089 /* CalendarViewController.h */,
				C2D5154617A51ADB00119089 /* CalendarViewController.m */,
				C2D5154217A518F300119089 /* EventInfoViewController.h */,
				C2D5154317A518F300119089 /* EventInfoViewController.m */,
				C2D5153C17A5185000119089 /* EventListViewController.h */,
				C2D5153D17A5185000119089 /* EventListViewController.m */,
				C2D5153F17A518AD00119089 /* EventTableViewCell.h */,
				C2D5154017A518AD00119089 /* EventTableViewCell.m */,
			);
			path = Calendar;
			sourceTree = "<group>";
		};
/* End PBXGroup section */

/* Begin PBXNativeTarget section */
		C2005FA6178A8E0700200E1E /* CPSE */ = {
			isa = PBXNativeTarget;
			buildConfigurationList = C2005FC4178A8E0700200E1E /* Build configuration list for PBXNativeTarget "CPSE" */;
			buildPhases = (
				C2005FA3178A8E0700200E1E /* Sources */,
				C2005FA4178A8E0700200E1E /* Frameworks */,
				C2005FA5178A8E0700200E1E /* Resources */,
			);
			buildRules = (
			);
			dependencies = (
			);
			name = CPSE;
			productName = CPSE;
			productReference = C2005FA7178A8E0700200E1E /* CPSE.app */;
			productType = "com.apple.product-type.application";
		};
/* End PBXNativeTarget section */

/* Begin PBXProject section */
		C2005F9F178A8E0700200E1E /* Project object */ = {
			isa = PBXProject;
			attributes = {
				LastUpgradeCheck = 0460;
				ORGANIZATIONNAME = BitRice;
			};
			buildConfigurationList = C2005FA2178A8E0700200E1E /* Build configuration list for PBXProject "CPSE" */;
			compatibilityVersion = "Xcode 3.2";
			developmentRegion = English;
			hasScannedForEncodings = 0;
			knownRegions = (
				en,
			);
			mainGroup = C2005F9E178A8E0700200E1E;
			productRefGroup = C2005FA8178A8E0700200E1E /* Products */;
			projectDirPath = "";
			projectRoot = "";
			targets = (
				C2005FA6178A8E0700200E1E /* CPSE */,
			);
		};
/* End PBXProject section */

/* Begin PBXResourcesBuildPhase section */
		C2005FA5178A8E0700200E1E /* Resources */ = {
			isa = PBXResourcesBuildPhase;
			buildActionMask = 2147483647;
			files = (
				C2005FD1178A925A00200E1E /* Default-568h@2x.png in Resources */,
				C2005FD2178A925A00200E1E /* Default.png in Resources */,
				C2005FD3178A925A00200E1E /* Default@2x.png in Resources */,
				C2005FD4178A925A00200E1E /* InfoPlist.strings in Resources */,
				C2006036178A926700200E1E /* UMSCommentDetailController.xib in Resources */,
				C2006037178A926700200E1E /* UMSCommentInputController.xib in Resources */,
				C2006038178A926700200E1E /* UMSCommentInputControlleriPad.xib in Resources */,
				C2006039178A926700200E1E /* UMShareEditViewController.xib in Resources */,
				C200603A178A926700200E1E /* UMShareEditViewControlleriPad.xib in Resources */,
				C200603B178A926700200E1E /* UMSnsAccountViewController.xib in Resources */,
				C200603C178A926700200E1E /* UMSShareListController.xib in Resources */,
				C200603D178A926700200E1E /* UMSocialSDKResources.bundle in Resources */,
				C209316A1790F71100F91BB5 /* bg-pattern.png in Resources */,
				C209316B1790F71100F91BB5 /* bg-pattern@2x.png in Resources */,
				C209316C1790F71100F91BB5 /* icon-profile-online.png in Resources */,
				C209316D1790F71100F91BB5 /* icon-profile-online@2x.png in Resources */,
				C209316E1790F71100F91BB5 /* icon-profile.png in Resources */,
				C209316F1790F71100F91BB5 /* icon-profile@2x.png in Resources */,
				C20931701790F71100F91BB5 /* navigation-bar-bg.png in Resources */,
				C20931711790F71100F91BB5 /* navigation-bar-bg@2x.png in Resources */,
				C27F97641792431100E79A78 /* logo-and-text.png in Resources */,
				C27F97651792431100E79A78 /* logo-and-text@2x.png in Resources */,
				C27F977B179250CD00E79A78 /* button-icon-calendar.png in Resources */,
				C27F977C179250CD00E79A78 /* button-icon-calendar@2x.png in Resources */,
				C27F977D179250CD00E79A78 /* button-icon-exhibitor.png in Resources */,
				C27F977E179250CD00E79A78 /* button-icon-exhibitor@2x.png in Resources */,
				C27F977F179250CD00E79A78 /* button-icon-faq.png in Resources */,
				C27F9780179250CD00E79A78 /* button-icon-faq@2x.png in Resources */,
				C27F9781179250CD00E79A78 /* button-icon-intro.png in Resources */,
				C27F9782179250CD00E79A78 /* button-icon-intro@2x.png in Resources */,
				C27F9783179250CD00E79A78 /* button-icon-map.png in Resources */,
				C27F9784179250CD00E79A78 /* button-icon-map@2x.png in Resources */,
				C27F9785179250CD00E79A78 /* button-icon-news.png in Resources */,
				C27F9786179250CD00E79A78 /* button-icon-news@2x.png in Resources */,
				C27F9787179250CD00E79A78 /* button-icon-notification.png in Resources */,
				C27F9788179250CD00E79A78 /* button-icon-notification@2x.png in Resources */,
				C27F9789179250CD00E79A78 /* button-icon-picture.png in Resources */,
				C27F978A179250CD00E79A78 /* button-icon-picture@2x.png in Resources */,
				C27F978B179250CD00E79A78 /* button-icon-subscribe.png in Resources */,
				C27F978C179250CD00E79A78 /* button-icon-subscribe@2x.png in Resources */,
				C2E4B57F1797784E00388B11 /* icon-back.png in Resources */,
				C2E4B5801797784E00388B11 /* icon-back@2x.png in Resources */,
				C201387F17A37B46009CEA7F /* MHTabBarContainerBgPattern.png in Resources */,
				C201388017A37B46009CEA7F /* MHTabBarContainerBgPattern@2x.png in Resources */,
				C201388317A37BE0009CEA7F /* MHTabBarActiveBgPattern.png in Resources */,
				C201388417A37BE0009CEA7F /* MHTabBarActiveBgPattern@2x.png in Resources */,
				C2D5153217A4F49300119089 /* cell-image-placeholder.png in Resources */,
				C2D5153317A4F49300119089 /* cell-image-placeholder@2x.png in Resources */,
				C2D5153917A513C300119089 /* MHTabBarIndicator.png in Resources */,
				C2D5153A17A513C300119089 /* MHTabBarIndicator@2x.png in Resources */,
				C22133F917A77A68006622F2 /* newsStyle.css in Resources */,
				C22133FC17A77CA1006622F2 /* icon-comment.png in Resources */,
				C22133FD17A77CA1006622F2 /* icon-comment@2x.png in Resources */,
				C221340017A77CAB006622F2 /* icon-share.png in Resources */,
				C221340117A77CAB006622F2 /* icon-share@2x.png in Resources */,
			);
			runOnlyForDeploymentPostprocessing = 0;
		};
/* End PBXResourcesBuildPhase section */

/* Begin PBXSourcesBuildPhase section */
		C2005FA3178A8E0700200E1E /* Sources */ = {
			isa = PBXSourcesBuildPhase;
			buildActionMask = 2147483647;
			files = (
				C2005FD5178A925A00200E1E /* main.m in Sources */,
				C2006022178A926700200E1E /* AppDelegate.m in Sources */,
				C2006023178A926700200E1E /* AFHTTPClient.m in Sources */,
				C2006024178A926700200E1E /* AFHTTPRequestOperation.m in Sources */,
				C2006025178A926700200E1E /* AFImageRequestOperation.m in Sources */,
				C2006026178A926700200E1E /* AFJSONRequestOperation.m in Sources */,
				C2006027178A926700200E1E /* AFNetworkActivityIndicatorManager.m in Sources */,
				C2006028178A926700200E1E /* AFPropertyListRequestOperation.m in Sources */,
				C2006029178A926700200E1E /* AFURLConnectionOperation.m in Sources */,
				C200602A178A926700200E1E /* AFXMLRequestOperation.m in Sources */,
				C200602B178A926700200E1E /* UIImageView+AFNetworking.m in Sources */,
				C200602C178A926700200E1E /* FMDatabase.m in Sources */,
				C200602D178A926700200E1E /* FMDatabaseAdditions.m in Sources */,
				C200602E178A926700200E1E /* FMDatabasePool.m in Sources */,
				C200602F178A926700200E1E /* FMDatabaseQueue.m in Sources */,
				C2006030178A926700200E1E /* FMResultSet.m in Sources */,
				C25CC6C9178A979A0055E82A /* NetWorkReachability.m in Sources */,
				C25CC6D5178A98C20055E82A /* GTMNSString+HTML.m in Sources */,
				C25CC6D6178A98C20055E82A /* UIColor+BR.m in Sources */,
				C25CC6D7178A98C20055E82A /* UIImage+BR.m in Sources */,
				C25CC6D8178A98C20055E82A /* UINavigationBar+BR.m in Sources */,
				C25CC6D9178A98C20055E82A /* UIView+BR.m in Sources */,
				C25CC6DC178A992B0055E82A /* DataManager.m in Sources */,
				C20931741790F72400F91BB5 /* HomeViewController.m in Sources */,
				C27F975E179233E400E79A78 /* BannerViewController.m in Sources */,
				C27F9768179245F500E79A78 /* UIView+JMNoise.m in Sources */,
				C27F978F17925A8400E79A78 /* ChannelIconButton.m in Sources */,
				C2E4B57C1797776600388B11 /* BaseChannelViewController.m in Sources */,
				C2E4B5921797A05900388B11 /* CPSEAFClient.m in Sources */,
				C201387017A372E1009CEA7F /* MHTabBarController.m in Sources */,
				C201387317A373E0009CEA7F /* ExhibitorsByAlphabetViewController.m in Sources */,
				C201387617A3742A009CEA7F /* ExhibitorsByIndustryViewController.m in Sources */,
				C201387917A3743B009CEA7F /* ExhibitorsByAreaViewController.m in Sources */,
				C201387C17A3757E009CEA7F /* BaseChannelWithTabsViewController.m in Sources */,
				C2D5151F17A4D73E00119089 /* ExhibitorInfoViewController.m in Sources */,
				C2D5152917A4EB6700119089 /* NewsListViewController.m in Sources */,
				C2D5152F17A4EE4500119089 /* NewsInfoViewController.m in Sources */,
				C2D5153617A4FD7100119089 /* NewsTableViewCell.m in Sources */,
				C2D5153E17A5185000119089 /* EventListViewController.m in Sources */,
				C2D5154117A518AD00119089 /* EventTableViewCell.m in Sources */,
				C2D5154417A518F300119089 /* EventInfoViewController.m in Sources */,
				C2D5154717A51ADB00119089 /* CalendarViewController.m in Sources */,
				C2D5154A17A51BD400119089 /* ExhibitorViewController.m in Sources */,
				C21879B117A90DB60075554F /* ExhibitorListViewController.m in Sources */,
			);
			runOnlyForDeploymentPostprocessing = 0;
		};
/* End PBXSourcesBuildPhase section */

/* Begin PBXVariantGroup section */
		C2005FCD178A925A00200E1E /* InfoPlist.strings */ = {
			isa = PBXVariantGroup;
			children = (
				C2005FCE178A925A00200E1E /* en */,
			);
			name = InfoPlist.strings;
			sourceTree = "<group>";
		};
/* End PBXVariantGroup section */

/* Begin XCBuildConfiguration section */
		C2005FC2178A8E0700200E1E /* Debug */ = {
			isa = XCBuildConfiguration;
			buildSettings = {
				ALWAYS_SEARCH_USER_PATHS = NO;
				CLANG_CXX_LANGUAGE_STANDARD = "gnu++0x";
				CLANG_CXX_LIBRARY = "libc++";
				CLANG_ENABLE_OBJC_ARC = YES;
				CLANG_WARN_CONSTANT_CONVERSION = YES;
				CLANG_WARN_EMPTY_BODY = YES;
				CLANG_WARN_ENUM_CONVERSION = YES;
				CLANG_WARN_INT_CONVERSION = YES;
				CLANG_WARN__DUPLICATE_METHOD_MATCH = YES;
				"CODE_SIGN_IDENTITY[sdk=iphoneos*]" = "iPhone Developer";
				COPY_PHASE_STRIP = NO;
				GCC_C_LANGUAGE_STANDARD = gnu99;
				GCC_DYNAMIC_NO_PIC = NO;
				GCC_OPTIMIZATION_LEVEL = 0;
				GCC_PREPROCESSOR_DEFINITIONS = (
					"DEBUG=1",
					"$(inherited)",
				);
				GCC_SYMBOLS_PRIVATE_EXTERN = NO;
				GCC_WARN_ABOUT_RETURN_TYPE = YES;
				GCC_WARN_UNINITIALIZED_AUTOS = YES;
				GCC_WARN_UNUSED_VARIABLE = YES;
				IPHONEOS_DEPLOYMENT_TARGET = 6.1;
				ONLY_ACTIVE_ARCH = YES;
				SDKROOT = iphoneos;
			};
			name = Debug;
		};
		C2005FC3178A8E0700200E1E /* Release */ = {
			isa = XCBuildConfiguration;
			buildSettings = {
				ALWAYS_SEARCH_USER_PATHS = NO;
				CLANG_CXX_LANGUAGE_STANDARD = "gnu++0x";
				CLANG_CXX_LIBRARY = "libc++";
				CLANG_ENABLE_OBJC_ARC = YES;
				CLANG_WARN_CONSTANT_CONVERSION = YES;
				CLANG_WARN_EMPTY_BODY = YES;
				CLANG_WARN_ENUM_CONVERSION = YES;
				CLANG_WARN_INT_CONVERSION = YES;
				CLANG_WARN__DUPLICATE_METHOD_MATCH = YES;
				"CODE_SIGN_IDENTITY[sdk=iphoneos*]" = "iPhone Developer";
				COPY_PHASE_STRIP = YES;
				GCC_C_LANGUAGE_STANDARD = gnu99;
				GCC_WARN_ABOUT_RETURN_TYPE = YES;
				GCC_WARN_UNINITIALIZED_AUTOS = YES;
				GCC_WARN_UNUSED_VARIABLE = YES;
				IPHONEOS_DEPLOYMENT_TARGET = 6.1;
				OTHER_CFLAGS = "-DNS_BLOCK_ASSERTIONS=1";
				SDKROOT = iphoneos;
				VALIDATE_PRODUCT = YES;
			};
			name = Release;
		};
		C2005FC5178A8E0700200E1E /* Debug */ = {
			isa = XCBuildConfiguration;
			buildSettings = {
				CODE_SIGN_IDENTITY = "iPhone Developer: huang xiang (2Z938N5Q79)";
				"CODE_SIGN_IDENTITY[sdk=iphoneos*]" = "iPhone Developer: huang xiang (2Z938N5Q79)";
				GCC_PRECOMPILE_PREFIX_HEADER = YES;
				GCC_PREFIX_HEADER = "Supporting Files/CPSE-Prefix.pch";
				INFOPLIST_FILE = "Supporting Files/CPSE-Info.plist";
				LIBRARY_SEARCH_PATHS = (
					"$(inherited)",
					"\"$(SRCROOT)/CPSE/Vendors/UMeng\"",
					"\"$(SRCROOT)/CPSE/Vendors/UMSocial_Sdk_2.1.3/frameworks/Wechat\"",
					"\"$(SRCROOT)/CPSE/Vendors/UMSocial_Sdk_2.1.3\"",
				);
				PRODUCT_NAME = "$(TARGET_NAME)";
				PROVISIONING_PROFILE = "6C720421-F53F-4DCF-B56E-74A1B5472EA0";
				"PROVISIONING_PROFILE[sdk=iphoneos*]" = "6C720421-F53F-4DCF-B56E-74A1B5472EA0";
				WRAPPER_EXTENSION = app;
			};
			name = Debug;
		};
		C2005FC6178A8E0700200E1E /* Release */ = {
			isa = XCBuildConfiguration;
			buildSettings = {
				CODE_SIGN_IDENTITY = "iPhone Distribution";
				"CODE_SIGN_IDENTITY[sdk=iphoneos*]" = "iPhone Distribution";
				GCC_PRECOMPILE_PREFIX_HEADER = YES;
				GCC_PREFIX_HEADER = "Supporting Files/CPSE-Prefix.pch";
				INFOPLIST_FILE = "Supporting Files/CPSE-Info.plist";
				LIBRARY_SEARCH_PATHS = (
					"$(inherited)",
					"\"$(SRCROOT)/CPSE/Vendors/UMeng\"",
					"\"$(SRCROOT)/CPSE/Vendors/UMSocial_Sdk_2.1.3/frameworks/Wechat\"",
					"\"$(SRCROOT)/CPSE/Vendors/UMSocial_Sdk_2.1.3\"",
				);
				PRODUCT_NAME = "$(TARGET_NAME)";
				PROVISIONING_PROFILE = "";
				"PROVISIONING_PROFILE[sdk=iphoneos*]" = "";
				WRAPPER_EXTENSION = app;
			};
			name = Release;
		};
/* End XCBuildConfiguration section */

/* Begin XCConfigurationList section */
		C2005FA2178A8E0700200E1E /* Build configuration list for PBXProject "CPSE" */ = {
			isa = XCConfigurationList;
			buildConfigurations = (
				C2005FC2178A8E0700200E1E /* Debug */,
				C2005FC3178A8E0700200E1E /* Release */,
			);
			defaultConfigurationIsVisible = 0;
			defaultConfigurationName = Release;
		};
		C2005FC4178A8E0700200E1E /* Build configuration list for PBXNativeTarget "CPSE" */ = {
			isa = XCConfigurationList;
			buildConfigurations = (
				C2005FC5178A8E0700200E1E /* Debug */,
				C2005FC6178A8E0700200E1E /* Release */,
			);
			defaultConfigurationIsVisible = 0;
			defaultConfigurationName = Release;
		};
/* End XCConfigurationList section */
	};
	rootObject = C2005F9F178A8E0700200E1E /* Project object */;
}
